// !$*UTF8*$!
{
	archiveVersion = 1;
	classes = {
	};
	objectVersion = 55;
	objects = {

/* Begin PBXBuildFile section */
		2E027FAA27E8269A00521378 /* Tests_iOS.swift in Sources */ = {isa = PBXBuildFile; fileRef = 2E027FA927E8269A00521378 /* Tests_iOS.swift */; };
		2E027FAC27E8269A00521378 /* Tests_iOSLaunchTests.swift in Sources */ = {isa = PBXBuildFile; fileRef = 2E027FAB27E8269A00521378 /* Tests_iOSLaunchTests.swift */; };
		2E027FB627E8269A00521378 /* Tests_macOS.swift in Sources */ = {isa = PBXBuildFile; fileRef = 2E027FB527E8269A00521378 /* Tests_macOS.swift */; };
		2E027FB827E8269A00521378 /* Tests_macOSLaunchTests.swift in Sources */ = {isa = PBXBuildFile; fileRef = 2E027FB727E8269A00521378 /* Tests_macOSLaunchTests.swift */; };
		2E027FB927E8269A00521378 /* Tuna.xcdatamodeld in Sources */ = {isa = PBXBuildFile; fileRef = 2E027F8E27E8269800521378 /* Tuna.xcdatamodeld */; };
		2E027FBA27E8269A00521378 /* Tuna.xcdatamodeld in Sources */ = {isa = PBXBuildFile; fileRef = 2E027F8E27E8269800521378 /* Tuna.xcdatamodeld */; };
		2E027FBB27E8269A00521378 /* TunaApp.swift in Sources */ = {isa = PBXBuildFile; fileRef = 2E027F9027E8269800521378 /* TunaApp.swift */; };
		2E027FBC27E8269A00521378 /* TunaApp.swift in Sources */ = {isa = PBXBuildFile; fileRef = 2E027F9027E8269800521378 /* TunaApp.swift */; };
		2E027FC127E8269A00521378 /* Assets.xcassets in Resources */ = {isa = PBXBuildFile; fileRef = 2E027F9327E8269A00521378 /* Assets.xcassets */; };
		2E027FC227E8269A00521378 /* Assets.xcassets in Resources */ = {isa = PBXBuildFile; fileRef = 2E027F9327E8269A00521378 /* Assets.xcassets */; };
		2E044A9627EAE7D000736B9F /* KeychainAccess+Extension.swift in Sources */ = {isa = PBXBuildFile; fileRef = 2E044A9527EAE7D000736B9F /* KeychainAccess+Extension.swift */; };
		2E044A9727EAE7D000736B9F /* KeychainAccess+Extension.swift in Sources */ = {isa = PBXBuildFile; fileRef = 2E044A9527EAE7D000736B9F /* KeychainAccess+Extension.swift */; };
		2E044A9927EAF3B200736B9F /* DeepLink.swift in Sources */ = {isa = PBXBuildFile; fileRef = 2E044A9827EAF3B200736B9F /* DeepLink.swift */; };
		2E044A9A27EAF3B200736B9F /* DeepLink.swift in Sources */ = {isa = PBXBuildFile; fileRef = 2E044A9827EAF3B200736B9F /* DeepLink.swift */; };
		2E0981452809482A00431C50 /* QuotedTweetCellView.swift in Sources */ = {isa = PBXBuildFile; fileRef = 2E0981442809482A00431C50 /* QuotedTweetCellView.swift */; };
		2E0981462809482A00431C50 /* QuotedTweetCellView.swift in Sources */ = {isa = PBXBuildFile; fileRef = 2E0981442809482A00431C50 /* QuotedTweetCellView.swift */; };
		2E0A3AED28105BA7002D5F39 /* TweetsViewProtocol.swift in Sources */ = {isa = PBXBuildFile; fileRef = 2E0A3AEC28105BA7002D5F39 /* TweetsViewProtocol.swift */; };
		2E0A3AEE28105BA7002D5F39 /* TweetsViewProtocol.swift in Sources */ = {isa = PBXBuildFile; fileRef = 2E0A3AEC28105BA7002D5F39 /* TweetsViewProtocol.swift */; };
		2E0A3AF028105CC1002D5F39 /* ListDetailViewModel.swift in Sources */ = {isa = PBXBuildFile; fileRef = 2E0A3AEF28105CC1002D5F39 /* ListDetailViewModel.swift */; };
		2E0A3AF128105CC1002D5F39 /* ListDetailViewModel.swift in Sources */ = {isa = PBXBuildFile; fileRef = 2E0A3AEF28105CC1002D5F39 /* ListDetailViewModel.swift */; };
		2E10382A27EC05FE00E8E67B /* User+Extension.swift in Sources */ = {isa = PBXBuildFile; fileRef = 2E10382927EC05FD00E8E67B /* User+Extension.swift */; };
		2E10382B27EC05FE00E8E67B /* User+Extension.swift in Sources */ = {isa = PBXBuildFile; fileRef = 2E10382927EC05FD00E8E67B /* User+Extension.swift */; };
		2E10382D27EC31E400E8E67B /* UserModel+Extension.swift in Sources */ = {isa = PBXBuildFile; fileRef = 2E10382C27EC31E400E8E67B /* UserModel+Extension.swift */; };
		2E10382E27EC31E400E8E67B /* UserModel+Extension.swift in Sources */ = {isa = PBXBuildFile; fileRef = 2E10382C27EC31E400E8E67B /* UserModel+Extension.swift */; };
		2E10383027EC909600E8E67B /* ProfileImageView.swift in Sources */ = {isa = PBXBuildFile; fileRef = 2E10382F27EC909600E8E67B /* ProfileImageView.swift */; };
		2E10383127EC909600E8E67B /* ProfileImageView.swift in Sources */ = {isa = PBXBuildFile; fileRef = 2E10382F27EC909600E8E67B /* ProfileImageView.swift */; };
		2E10383327EC98AF00E8E67B /* Media+Extension.swift in Sources */ = {isa = PBXBuildFile; fileRef = 2E10383227EC98AF00E8E67B /* Media+Extension.swift */; };
		2E10383427EC98AF00E8E67B /* Media+Extension.swift in Sources */ = {isa = PBXBuildFile; fileRef = 2E10383227EC98AF00E8E67B /* Media+Extension.swift */; };
		2E10383627EC997C00E8E67B /* MediaModel+Extension.swift in Sources */ = {isa = PBXBuildFile; fileRef = 2E10383527EC997C00E8E67B /* MediaModel+Extension.swift */; };
		2E10383727EC997C00E8E67B /* MediaModel+Extension.swift in Sources */ = {isa = PBXBuildFile; fileRef = 2E10383527EC997C00E8E67B /* MediaModel+Extension.swift */; };
		2E10383927ECC48D00E8E67B /* Poll+Extension.swift in Sources */ = {isa = PBXBuildFile; fileRef = 2E10383827ECC48D00E8E67B /* Poll+Extension.swift */; };
		2E10383A27ECC48D00E8E67B /* Poll+Extension.swift in Sources */ = {isa = PBXBuildFile; fileRef = 2E10383827ECC48D00E8E67B /* Poll+Extension.swift */; };
		2E10383C27ECC53100E8E67B /* PollModel+Extension.swift in Sources */ = {isa = PBXBuildFile; fileRef = 2E10383B27ECC53100E8E67B /* PollModel+Extension.swift */; };
		2E10383D27ECC53100E8E67B /* PollModel+Extension.swift in Sources */ = {isa = PBXBuildFile; fileRef = 2E10383B27ECC53100E8E67B /* PollModel+Extension.swift */; };
		2E10383F27ED7E1F00E8E67B /* Place+Extension.swift in Sources */ = {isa = PBXBuildFile; fileRef = 2E10383E27ED7E1F00E8E67B /* Place+Extension.swift */; };
		2E10384027ED7E1F00E8E67B /* Place+Extension.swift in Sources */ = {isa = PBXBuildFile; fileRef = 2E10383E27ED7E1F00E8E67B /* Place+Extension.swift */; };
		2E10384227ED80A500E8E67B /* PlaceModel+Extension.swift in Sources */ = {isa = PBXBuildFile; fileRef = 2E10384127ED80A500E8E67B /* PlaceModel+Extension.swift */; };
		2E10384327ED80A600E8E67B /* PlaceModel+Extension.swift in Sources */ = {isa = PBXBuildFile; fileRef = 2E10384127ED80A500E8E67B /* PlaceModel+Extension.swift */; };
		2E10384527EDACF400E8E67B /* NewTweetView.swift in Sources */ = {isa = PBXBuildFile; fileRef = 2E10384427EDACF400E8E67B /* NewTweetView.swift */; };
		2E10384627EDACF400E8E67B /* NewTweetView.swift in Sources */ = {isa = PBXBuildFile; fileRef = 2E10384427EDACF400E8E67B /* NewTweetView.swift */; };
		2E10384827EE1B7800E8E67B /* NewTweetViewModel.swift in Sources */ = {isa = PBXBuildFile; fileRef = 2E10384727EE1B7800E8E67B /* NewTweetViewModel.swift */; };
		2E10384927EE1B7800E8E67B /* NewTweetViewModel.swift in Sources */ = {isa = PBXBuildFile; fileRef = 2E10384727EE1B7800E8E67B /* NewTweetViewModel.swift */; };
		2E10386F27F2AD9B00E8E67B /* ListsView.swift in Sources */ = {isa = PBXBuildFile; fileRef = 2E10386E27F2AD9B00E8E67B /* ListsView.swift */; };
		2E10387027F2AD9B00E8E67B /* ListsView.swift in Sources */ = {isa = PBXBuildFile; fileRef = 2E10386E27F2AD9B00E8E67B /* ListsView.swift */; };
		2E10387227F2AF3700E8E67B /* ListCellView.swift in Sources */ = {isa = PBXBuildFile; fileRef = 2E10387127F2AF3700E8E67B /* ListCellView.swift */; };
		2E10387327F2AF3700E8E67B /* ListCellView.swift in Sources */ = {isa = PBXBuildFile; fileRef = 2E10387127F2AF3700E8E67B /* ListCellView.swift */; };
		2E10387527F2D33400E8E67B /* ListDetailView.swift in Sources */ = {isa = PBXBuildFile; fileRef = 2E10387427F2D33400E8E67B /* ListDetailView.swift */; };
		2E10387627F2D33400E8E67B /* ListDetailView.swift in Sources */ = {isa = PBXBuildFile; fileRef = 2E10387427F2D33400E8E67B /* ListDetailView.swift */; };
		2E10387827F3411900E8E67B /* NewPollView.swift in Sources */ = {isa = PBXBuildFile; fileRef = 2E10387727F3411900E8E67B /* NewPollView.swift */; };
		2E10387927F3411900E8E67B /* NewPollView.swift in Sources */ = {isa = PBXBuildFile; fileRef = 2E10387727F3411900E8E67B /* NewPollView.swift */; };
		2E10387B27F49F4A00E8E67B /* PhotoPicker.swift in Sources */ = {isa = PBXBuildFile; fileRef = 2E10387A27F49F4A00E8E67B /* PhotoPicker.swift */; };
		2E10387C27F49F4A00E8E67B /* PhotoPicker.swift in Sources */ = {isa = PBXBuildFile; fileRef = 2E10387A27F49F4A00E8E67B /* PhotoPicker.swift */; };
		2E13ED47280D0A1300BF79CD /* Array+Extension.swift in Sources */ = {isa = PBXBuildFile; fileRef = 2E13ED46280D0A1200BF79CD /* Array+Extension.swift */; };
		2E13ED48280D0A1300BF79CD /* Array+Extension.swift in Sources */ = {isa = PBXBuildFile; fileRef = 2E13ED46280D0A1200BF79CD /* Array+Extension.swift */; };
		2E13ED4A280D175C00BF79CD /* SearchView.swift in Sources */ = {isa = PBXBuildFile; fileRef = 2E13ED49280D175C00BF79CD /* SearchView.swift */; };
		2E13ED4B280D175C00BF79CD /* SearchView.swift in Sources */ = {isa = PBXBuildFile; fileRef = 2E13ED49280D175C00BF79CD /* SearchView.swift */; };
		2E1914F5283F1EBC00F03C7C /* SearchViewModel.swift in Sources */ = {isa = PBXBuildFile; fileRef = 2E1914F4283F1EBC00F03C7C /* SearchViewModel.swift */; };
		2E1914F6283F1EBC00F03C7C /* SearchViewModel.swift in Sources */ = {isa = PBXBuildFile; fileRef = 2E1914F4283F1EBC00F03C7C /* SearchViewModel.swift */; };
		2E3468DE283A757B00AA2E33 /* View+Extension.swift in Sources */ = {isa = PBXBuildFile; fileRef = 2E3468DD283A757B00AA2E33 /* View+Extension.swift */; };
		2E3468DF283A757B00AA2E33 /* View+Extension.swift in Sources */ = {isa = PBXBuildFile; fileRef = 2E3468DD283A757B00AA2E33 /* View+Extension.swift */; };
		2E3468E1283A770A00AA2E33 /* SettingsView.swift in Sources */ = {isa = PBXBuildFile; fileRef = 2E3468E0283A770A00AA2E33 /* SettingsView.swift */; };
		2E3468E2283A770A00AA2E33 /* SettingsView.swift in Sources */ = {isa = PBXBuildFile; fileRef = 2E3468E0283A770A00AA2E33 /* SettingsView.swift */; };
		2E3468E4283A784300AA2E33 /* AccountSettingView.swift in Sources */ = {isa = PBXBuildFile; fileRef = 2E3468E3283A784300AA2E33 /* AccountSettingView.swift */; };
		2E3468E5283A784300AA2E33 /* AccountSettingView.swift in Sources */ = {isa = PBXBuildFile; fileRef = 2E3468E3283A784300AA2E33 /* AccountSettingView.swift */; };
		2E4E983127E82D8D00D9A15F /* TweetsView.swift in Sources */ = {isa = PBXBuildFile; fileRef = 2E4E983027E82D8D00D9A15F /* TweetsView.swift */; };
		2E4E983227E82D8D00D9A15F /* TweetsView.swift in Sources */ = {isa = PBXBuildFile; fileRef = 2E4E983027E82D8D00D9A15F /* TweetsView.swift */; };
		2E4E983927E9963C00D9A15F /* Persistence.swift in Sources */ = {isa = PBXBuildFile; fileRef = 2E4E983827E9963C00D9A15F /* Persistence.swift */; };
		2E4E983A27E9963C00D9A15F /* Persistence.swift in Sources */ = {isa = PBXBuildFile; fileRef = 2E4E983827E9963C00D9A15F /* Persistence.swift */; };
		2E4E983C27E9985E00D9A15F /* TweetCellView.swift in Sources */ = {isa = PBXBuildFile; fileRef = 2E4E983B27E9985E00D9A15F /* TweetCellView.swift */; };
		2E4E983D27E9985E00D9A15F /* TweetCellView.swift in Sources */ = {isa = PBXBuildFile; fileRef = 2E4E983B27E9985E00D9A15F /* TweetCellView.swift */; };
		2E5324E727FF1CEA008D5EFB /* NSItemProvider+Extension.swift in Sources */ = {isa = PBXBuildFile; fileRef = 2E5324E627FF1CEA008D5EFB /* NSItemProvider+Extension.swift */; };
		2E5324E827FF1CEA008D5EFB /* NSItemProvider+Extension.swift in Sources */ = {isa = PBXBuildFile; fileRef = 2E5324E627FF1CEA008D5EFB /* NSItemProvider+Extension.swift */; };
		2E5324EA27FF1D07008D5EFB /* LivePhoto.swift in Sources */ = {isa = PBXBuildFile; fileRef = 2E5324E927FF1D07008D5EFB /* LivePhoto.swift */; };
		2E5324EB27FF1D07008D5EFB /* LivePhoto.swift in Sources */ = {isa = PBXBuildFile; fileRef = 2E5324E927FF1D07008D5EFB /* LivePhoto.swift */; };
		2E5324ED27FF1D41008D5EFB /* PhotoView.swift in Sources */ = {isa = PBXBuildFile; fileRef = 2E5324EC27FF1D41008D5EFB /* PhotoView.swift */; };
		2E5324EE27FF1D41008D5EFB /* PhotoView.swift in Sources */ = {isa = PBXBuildFile; fileRef = 2E5324EC27FF1D41008D5EFB /* PhotoView.swift */; };
		2E5324F027FF1D8E008D5EFB /* UIImage+Extension.swift in Sources */ = {isa = PBXBuildFile; fileRef = 2E5324EF27FF1D8E008D5EFB /* UIImage+Extension.swift */; };
		2E5324F127FF1D8E008D5EFB /* UIImage+Extension.swift in Sources */ = {isa = PBXBuildFile; fileRef = 2E5324EF27FF1D8E008D5EFB /* UIImage+Extension.swift */; };
		2E5324F328046AD0008D5EFB /* ReplySetting+Extension.swift in Sources */ = {isa = PBXBuildFile; fileRef = 2E5324F228046AD0008D5EFB /* ReplySetting+Extension.swift */; };
		2E5324F428046AD0008D5EFB /* ReplySetting+Extension.swift in Sources */ = {isa = PBXBuildFile; fileRef = 2E5324F228046AD0008D5EFB /* ReplySetting+Extension.swift */; };
		2E5E4F6627EB593A009D6D53 /* Sweet in Frameworks */ = {isa = PBXBuildFile; productRef = 2E5E4F6527EB593A009D6D53 /* Sweet */; };
		2E5E4F6927EB59A9009D6D53 /* KeychainAccess in Frameworks */ = {isa = PBXBuildFile; productRef = 2E5E4F6827EB59A9009D6D53 /* KeychainAccess */; };
		2E5E4F6C27EB59BB009D6D53 /* Kingfisher in Frameworks */ = {isa = PBXBuildFile; productRef = 2E5E4F6B27EB59BB009D6D53 /* Kingfisher */; };
		2E5E4F6F27EB88B0009D6D53 /* TweetModel+Extension.swift in Sources */ = {isa = PBXBuildFile; fileRef = 2E5E4F6E27EB88B0009D6D53 /* TweetModel+Extension.swift */; };
		2E5E4F7027EB88B0009D6D53 /* TweetModel+Extension.swift in Sources */ = {isa = PBXBuildFile; fileRef = 2E5E4F6E27EB88B0009D6D53 /* TweetModel+Extension.swift */; };
		2E633523280673E500368C51 /* SelectUserMenu.swift in Sources */ = {isa = PBXBuildFile; fileRef = 2E633522280673E500368C51 /* SelectUserMenu.swift */; };
		2E633524280673E500368C51 /* SelectUserMenu.swift in Sources */ = {isa = PBXBuildFile; fileRef = 2E633522280673E500368C51 /* SelectUserMenu.swift */; };
		2E63898127EAB86900964EC8 /* TweetCellViewModel.swift in Sources */ = {isa = PBXBuildFile; fileRef = 2EA6538B27E9A148003E99AE /* TweetCellViewModel.swift */; };
		2E63898227EAB88000964EC8 /* DateComponents+Extension.swift in Sources */ = {isa = PBXBuildFile; fileRef = 2EA6538D27E9A16A003E99AE /* DateComponents+Extension.swift */; };
		2E63898327EAB88300964EC8 /* Calendar+Extension.swift in Sources */ = {isa = PBXBuildFile; fileRef = 2EA6538F27E9A188003E99AE /* Calendar+Extension.swift */; };
		2E63898527EAB95500964EC8 /* LoginView.swift in Sources */ = {isa = PBXBuildFile; fileRef = 2E63898427EAB95500964EC8 /* LoginView.swift */; };
		2E63898627EAB95500964EC8 /* LoginView.swift in Sources */ = {isa = PBXBuildFile; fileRef = 2E63898427EAB95500964EC8 /* LoginView.swift */; };
		2E63898827EAB9C200964EC8 /* TwitterOauth2.swift in Sources */ = {isa = PBXBuildFile; fileRef = 2E63898727EAB9C200964EC8 /* TwitterOauth2.swift */; };
		2E63898927EAB9C200964EC8 /* TwitterOauth2.swift in Sources */ = {isa = PBXBuildFile; fileRef = 2E63898727EAB9C200964EC8 /* TwitterOauth2.swift */; };
		2E63898B27EABF4400964EC8 /* SecurityRandom.swift in Sources */ = {isa = PBXBuildFile; fileRef = 2E63898A27EABF4400964EC8 /* SecurityRandom.swift */; };
		2E63898C27EABF4400964EC8 /* SecurityRandom.swift in Sources */ = {isa = PBXBuildFile; fileRef = 2E63898A27EABF4400964EC8 /* SecurityRandom.swift */; };
		2E63898E27EABFCC00964EC8 /* Secret.swift in Sources */ = {isa = PBXBuildFile; fileRef = 2E63898D27EABFCC00964EC8 /* Secret.swift */; };
		2E63898F27EABFCC00964EC8 /* Secret.swift in Sources */ = {isa = PBXBuildFile; fileRef = 2E63898D27EABFCC00964EC8 /* Secret.swift */; };
		2E63899427EAC39D00964EC8 /* TwitterOauth2+Extension.swift in Sources */ = {isa = PBXBuildFile; fileRef = 2E63899327EAC39D00964EC8 /* TwitterOauth2+Extension.swift */; };
		2E63899527EAC39D00964EC8 /* TwitterOauth2+Extension.swift in Sources */ = {isa = PBXBuildFile; fileRef = 2E63899327EAC39D00964EC8 /* TwitterOauth2+Extension.swift */; };
		2E63899727EAC56000964EC8 /* Sweet+Extension.swift in Sources */ = {isa = PBXBuildFile; fileRef = 2E63899627EAC56000964EC8 /* Sweet+Extension.swift */; };
		2E63899827EAC56000964EC8 /* Sweet+Extension.swift in Sources */ = {isa = PBXBuildFile; fileRef = 2E63899627EAC56000964EC8 /* Sweet+Extension.swift */; };
		2E7DD5EA283B569E00F16C53 /* UserProfileView.swift in Sources */ = {isa = PBXBuildFile; fileRef = 2E7DD5E9283B569E00F16C53 /* UserProfileView.swift */; };
		2E7DD5EB283B569E00F16C53 /* UserProfileView.swift in Sources */ = {isa = PBXBuildFile; fileRef = 2E7DD5E9283B569E00F16C53 /* UserProfileView.swift */; };
		2E8BB695283C997700DC9480 /* UserTweetsView.swift in Sources */ = {isa = PBXBuildFile; fileRef = 2E8BB694283C997700DC9480 /* UserTweetsView.swift */; };
		2E8BB696283C997700DC9480 /* UserTweetsView.swift in Sources */ = {isa = PBXBuildFile; fileRef = 2E8BB694283C997700DC9480 /* UserTweetsView.swift */; };
		2E915C5B2838FA8400DAD4AE /* UserView.swift in Sources */ = {isa = PBXBuildFile; fileRef = 2E915C5A2838FA8400DAD4AE /* UserView.swift */; };
		2E915C5C2838FA8400DAD4AE /* UserView.swift in Sources */ = {isa = PBXBuildFile; fileRef = 2E915C5A2838FA8400DAD4AE /* UserView.swift */; };
		2E915C5E28390C6300DAD4AE /* Color+Extension.swift in Sources */ = {isa = PBXBuildFile; fileRef = 2E915C5D28390C6300DAD4AE /* Color+Extension.swift */; };
		2E915C5F28390C6300DAD4AE /* Color+Extension.swift in Sources */ = {isa = PBXBuildFile; fileRef = 2E915C5D28390C6300DAD4AE /* Color+Extension.swift */; };
		2EA6538C27E9A148003E99AE /* TweetCellViewModel.swift in Sources */ = {isa = PBXBuildFile; fileRef = 2EA6538B27E9A148003E99AE /* TweetCellViewModel.swift */; };
		2EA6538E27E9A16A003E99AE /* DateComponents+Extension.swift in Sources */ = {isa = PBXBuildFile; fileRef = 2EA6538D27E9A16A003E99AE /* DateComponents+Extension.swift */; };
		2EA6539027E9A188003E99AE /* Calendar+Extension.swift in Sources */ = {isa = PBXBuildFile; fileRef = 2EA6538F27E9A188003E99AE /* Calendar+Extension.swift */; };
		2EB3B384283E738000891A5E /* ReverseChronologicalViewModel.swift in Sources */ = {isa = PBXBuildFile; fileRef = 2EB3B383283E738000891A5E /* ReverseChronologicalViewModel.swift */; };
		2EB3B385283E738000891A5E /* ReverseChronologicalViewModel.swift in Sources */ = {isa = PBXBuildFile; fileRef = 2EB3B383283E738000891A5E /* ReverseChronologicalViewModel.swift */; };
		2EB3B387283E765900891A5E /* BookmarksViewModel.swift in Sources */ = {isa = PBXBuildFile; fileRef = 2EB3B386283E765900891A5E /* BookmarksViewModel.swift */; };
		2EB3B388283E765900891A5E /* BookmarksViewModel.swift in Sources */ = {isa = PBXBuildFile; fileRef = 2EB3B386283E765900891A5E /* BookmarksViewModel.swift */; };
		2EB3B38A283E9AB300891A5E /* LikesViewModel.swift in Sources */ = {isa = PBXBuildFile; fileRef = 2EB3B389283E9AB300891A5E /* LikesViewModel.swift */; };
		2EB3B38B283E9AB300891A5E /* LikesViewModel.swift in Sources */ = {isa = PBXBuildFile; fileRef = 2EB3B389283E9AB300891A5E /* LikesViewModel.swift */; };
		2EB3B38D283E9DDC00891A5E /* DurationPicker.swift in Sources */ = {isa = PBXBuildFile; fileRef = 2EB3B38C283E9DDC00891A5E /* DurationPicker.swift */; };
		2EB3B38E283E9DDC00891A5E /* DurationPicker.swift in Sources */ = {isa = PBXBuildFile; fileRef = 2EB3B38C283E9DDC00891A5E /* DurationPicker.swift */; };
		2EB935D22845FD4900833663 /* ListFollowersViewModel.swift in Sources */ = {isa = PBXBuildFile; fileRef = 2EB935D12845FD4900833663 /* ListFollowersViewModel.swift */; };
		2EB935D32845FD4900833663 /* ListFollowersViewModel.swift in Sources */ = {isa = PBXBuildFile; fileRef = 2EB935D12845FD4900833663 /* ListFollowersViewModel.swift */; };
		2EB935D528461B8C00833663 /* SearchUsersViewModel.swift in Sources */ = {isa = PBXBuildFile; fileRef = 2EB935D428461B8C00833663 /* SearchUsersViewModel.swift */; };
		2EB935D628461B8C00833663 /* SearchUsersViewModel.swift in Sources */ = {isa = PBXBuildFile; fileRef = 2EB935D428461B8C00833663 /* SearchUsersViewModel.swift */; };
		2EB935D828461BA700833663 /* SearchTweetsViewModel.swift in Sources */ = {isa = PBXBuildFile; fileRef = 2EB935D728461BA700833663 /* SearchTweetsViewModel.swift */; };
		2EB935D928461BA700833663 /* SearchTweetsViewModel.swift in Sources */ = {isa = PBXBuildFile; fileRef = 2EB935D728461BA700833663 /* SearchTweetsViewModel.swift */; };
		2EEE9DFD2816DB0300721ADD /* UsersView.swift in Sources */ = {isa = PBXBuildFile; fileRef = 2EEE9DFC2816DB0300721ADD /* UsersView.swift */; };
		2EEE9DFE2816DB0300721ADD /* UsersView.swift in Sources */ = {isa = PBXBuildFile; fileRef = 2EEE9DFC2816DB0300721ADD /* UsersView.swift */; };
		2EEE9E002816E8F000721ADD /* UserCellView.swift in Sources */ = {isa = PBXBuildFile; fileRef = 2EEE9DFF2816E8F000721ADD /* UserCellView.swift */; };
		2EEE9E012816E8F000721ADD /* UserCellView.swift in Sources */ = {isa = PBXBuildFile; fileRef = 2EEE9DFF2816E8F000721ADD /* UserCellView.swift */; };
		2EEE9E032816E93E00721ADD /* UsersViewModel.swift in Sources */ = {isa = PBXBuildFile; fileRef = 2EEE9E022816E93E00721ADD /* UsersViewModel.swift */; };
		2EEE9E042816E93E00721ADD /* UsersViewModel.swift in Sources */ = {isa = PBXBuildFile; fileRef = 2EEE9E022816E93E00721ADD /* UsersViewModel.swift */; };
		2EEE9E062816E96600721ADD /* ListMembersViewModel.swift in Sources */ = {isa = PBXBuildFile; fileRef = 2EEE9E052816E96600721ADD /* ListMembersViewModel.swift */; };
		2EEE9E072816E96600721ADD /* ListMembersViewModel.swift in Sources */ = {isa = PBXBuildFile; fileRef = 2EEE9E052816E96600721ADD /* ListMembersViewModel.swift */; };
		2EF3987227EB4B3800EEFA51 /* Tweet+Extension.swift in Sources */ = {isa = PBXBuildFile; fileRef = 2EF3987127EB4B3800EEFA51 /* Tweet+Extension.swift */; };
		2EF3987327EB4B3800EEFA51 /* Tweet+Extension.swift in Sources */ = {isa = PBXBuildFile; fileRef = 2EF3987127EB4B3800EEFA51 /* Tweet+Extension.swift */; };
		2EF5B31A283B8B9E00DD8352 /* WebView.swift in Sources */ = {isa = PBXBuildFile; fileRef = 2EF5B319283B8B9E00DD8352 /* WebView.swift */; };
		2EF5B31B283B8B9E00DD8352 /* WebView.swift in Sources */ = {isa = PBXBuildFile; fileRef = 2EF5B319283B8B9E00DD8352 /* WebView.swift */; };
		2EF5B31D283B953C00DD8352 /* UserToolMenu.swift in Sources */ = {isa = PBXBuildFile; fileRef = 2EF5B31C283B953C00DD8352 /* UserToolMenu.swift */; };
		2EF5B31E283B953C00DD8352 /* UserToolMenu.swift in Sources */ = {isa = PBXBuildFile; fileRef = 2EF5B31C283B953C00DD8352 /* UserToolMenu.swift */; };
		2EF5B320283B9FB200DD8352 /* BlockButton.swift in Sources */ = {isa = PBXBuildFile; fileRef = 2EF5B31F283B9FB200DD8352 /* BlockButton.swift */; };
		2EF5B321283B9FB200DD8352 /* BlockButton.swift in Sources */ = {isa = PBXBuildFile; fileRef = 2EF5B31F283B9FB200DD8352 /* BlockButton.swift */; };
		2EF5B323283BA18B00DD8352 /* MuteButton.swift in Sources */ = {isa = PBXBuildFile; fileRef = 2EF5B322283BA18B00DD8352 /* MuteButton.swift */; };
		2EF5B324283BA18B00DD8352 /* MuteButton.swift in Sources */ = {isa = PBXBuildFile; fileRef = 2EF5B322283BA18B00DD8352 /* MuteButton.swift */; };
		2EF5B326283BA7FB00DD8352 /* FollowButton.swift in Sources */ = {isa = PBXBuildFile; fileRef = 2EF5B325283BA7FB00DD8352 /* FollowButton.swift */; };
		2EF5B327283BA7FB00DD8352 /* FollowButton.swift in Sources */ = {isa = PBXBuildFile; fileRef = 2EF5B325283BA7FB00DD8352 /* FollowButton.swift */; };
		2EF5B329283BAD2600DD8352 /* LikeButton.swift in Sources */ = {isa = PBXBuildFile; fileRef = 2EF5B328283BAD2600DD8352 /* LikeButton.swift */; };
		2EF5B32A283BAD2600DD8352 /* LikeButton.swift in Sources */ = {isa = PBXBuildFile; fileRef = 2EF5B328283BAD2600DD8352 /* LikeButton.swift */; };
		2EF5B32C283BAEFE00DD8352 /* TweetToolBar.swift in Sources */ = {isa = PBXBuildFile; fileRef = 2EF5B32B283BAEFE00DD8352 /* TweetToolBar.swift */; };
		2EF5B32D283BAEFE00DD8352 /* TweetToolBar.swift in Sources */ = {isa = PBXBuildFile; fileRef = 2EF5B32B283BAEFE00DD8352 /* TweetToolBar.swift */; };
		2EF5B32F283BAF6000DD8352 /* RetweetButton.swift in Sources */ = {isa = PBXBuildFile; fileRef = 2EF5B32E283BAF6000DD8352 /* RetweetButton.swift */; };
		2EF5B330283BAF6100DD8352 /* RetweetButton.swift in Sources */ = {isa = PBXBuildFile; fileRef = 2EF5B32E283BAF6000DD8352 /* RetweetButton.swift */; };
		2EF5B332283BB11900DD8352 /* BookmarkButton.swift in Sources */ = {isa = PBXBuildFile; fileRef = 2EF5B331283BB11900DD8352 /* BookmarkButton.swift */; };
		2EF5B333283BB11900DD8352 /* BookmarkButton.swift in Sources */ = {isa = PBXBuildFile; fileRef = 2EF5B331283BB11900DD8352 /* BookmarkButton.swift */; };
		2EF9E3BA2836727300571A40 /* CustomContextMenu.swift in Sources */ = {isa = PBXBuildFile; fileRef = 2EF9E3B92836727300571A40 /* CustomContextMenu.swift */; };
		2EF9E3BB2836727300571A40 /* CustomContextMenu.swift in Sources */ = {isa = PBXBuildFile; fileRef = 2EF9E3B92836727300571A40 /* CustomContextMenu.swift */; };
/* End PBXBuildFile section */

/* Begin PBXContainerItemProxy section */
		2E027FA627E8269A00521378 /* PBXContainerItemProxy */ = {
			isa = PBXContainerItemProxy;
			containerPortal = 2E027F8927E8269800521378 /* Project object */;
			proxyType = 1;
			remoteGlobalIDString = 2E027F9727E8269A00521378;
			remoteInfo = "Tuna (iOS)";
		};
		2E027FB227E8269A00521378 /* PBXContainerItemProxy */ = {
			isa = PBXContainerItemProxy;
			containerPortal = 2E027F8927E8269800521378 /* Project object */;
			proxyType = 1;
			remoteGlobalIDString = 2E027F9D27E8269A00521378;
			remoteInfo = "Tuna (macOS)";
		};
/* End PBXContainerItemProxy section */

/* Begin PBXFileReference section */
		2E027F8F27E8269800521378 /* Shared.xcdatamodel */ = {isa = PBXFileReference; lastKnownFileType = wrapper.xcdatamodel; path = Shared.xcdatamodel; sourceTree = "<group>"; };
		2E027F9027E8269800521378 /* TunaApp.swift */ = {isa = PBXFileReference; lastKnownFileType = sourcecode.swift; path = TunaApp.swift; sourceTree = "<group>"; };
		2E027F9327E8269A00521378 /* Assets.xcassets */ = {isa = PBXFileReference; lastKnownFileType = folder.assetcatalog; path = Assets.xcassets; sourceTree = "<group>"; };
		2E027F9827E8269A00521378 /* Tuna.app */ = {isa = PBXFileReference; explicitFileType = wrapper.application; includeInIndex = 0; path = Tuna.app; sourceTree = BUILT_PRODUCTS_DIR; };
		2E027F9E27E8269A00521378 /* Tuna.app */ = {isa = PBXFileReference; explicitFileType = wrapper.application; includeInIndex = 0; path = Tuna.app; sourceTree = BUILT_PRODUCTS_DIR; };
		2E027FA027E8269A00521378 /* macOS.entitlements */ = {isa = PBXFileReference; lastKnownFileType = text.plist.entitlements; path = macOS.entitlements; sourceTree = "<group>"; };
		2E027FA527E8269A00521378 /* Tests iOS.xctest */ = {isa = PBXFileReference; explicitFileType = wrapper.cfbundle; includeInIndex = 0; path = "Tests iOS.xctest"; sourceTree = BUILT_PRODUCTS_DIR; };
		2E027FA927E8269A00521378 /* Tests_iOS.swift */ = {isa = PBXFileReference; lastKnownFileType = sourcecode.swift; path = Tests_iOS.swift; sourceTree = "<group>"; };
		2E027FAB27E8269A00521378 /* Tests_iOSLaunchTests.swift */ = {isa = PBXFileReference; lastKnownFileType = sourcecode.swift; path = Tests_iOSLaunchTests.swift; sourceTree = "<group>"; };
		2E027FB127E8269A00521378 /* Tests macOS.xctest */ = {isa = PBXFileReference; explicitFileType = wrapper.cfbundle; includeInIndex = 0; path = "Tests macOS.xctest"; sourceTree = BUILT_PRODUCTS_DIR; };
		2E027FB527E8269A00521378 /* Tests_macOS.swift */ = {isa = PBXFileReference; lastKnownFileType = sourcecode.swift; path = Tests_macOS.swift; sourceTree = "<group>"; };
		2E027FB727E8269A00521378 /* Tests_macOSLaunchTests.swift */ = {isa = PBXFileReference; lastKnownFileType = sourcecode.swift; path = Tests_macOSLaunchTests.swift; sourceTree = "<group>"; };
		2E044A8E27EAE49100736B9F /* Tuna--iOS--Info.plist */ = {isa = PBXFileReference; lastKnownFileType = text.plist; path = "Tuna--iOS--Info.plist"; sourceTree = "<group>"; };
		2E044A9527EAE7D000736B9F /* KeychainAccess+Extension.swift */ = {isa = PBXFileReference; lastKnownFileType = sourcecode.swift; path = "KeychainAccess+Extension.swift"; sourceTree = "<group>"; };
		2E044A9827EAF3B200736B9F /* DeepLink.swift */ = {isa = PBXFileReference; lastKnownFileType = sourcecode.swift; path = DeepLink.swift; sourceTree = "<group>"; };
		2E0981442809482A00431C50 /* QuotedTweetCellView.swift */ = {isa = PBXFileReference; lastKnownFileType = sourcecode.swift; path = QuotedTweetCellView.swift; sourceTree = "<group>"; };
		2E0A3AEC28105BA7002D5F39 /* TweetsViewProtocol.swift */ = {isa = PBXFileReference; lastKnownFileType = sourcecode.swift; path = TweetsViewProtocol.swift; sourceTree = "<group>"; };
		2E0A3AEF28105CC1002D5F39 /* ListDetailViewModel.swift */ = {isa = PBXFileReference; lastKnownFileType = sourcecode.swift; path = ListDetailViewModel.swift; sourceTree = "<group>"; };
		2E10382927EC05FD00E8E67B /* User+Extension.swift */ = {isa = PBXFileReference; lastKnownFileType = sourcecode.swift; path = "User+Extension.swift"; sourceTree = "<group>"; };
		2E10382C27EC31E400E8E67B /* UserModel+Extension.swift */ = {isa = PBXFileReference; lastKnownFileType = sourcecode.swift; path = "UserModel+Extension.swift"; sourceTree = "<group>"; };
		2E10382F27EC909600E8E67B /* ProfileImageView.swift */ = {isa = PBXFileReference; lastKnownFileType = sourcecode.swift; path = ProfileImageView.swift; sourceTree = "<group>"; };
		2E10383227EC98AF00E8E67B /* Media+Extension.swift */ = {isa = PBXFileReference; lastKnownFileType = sourcecode.swift; path = "Media+Extension.swift"; sourceTree = "<group>"; };
		2E10383527EC997C00E8E67B /* MediaModel+Extension.swift */ = {isa = PBXFileReference; lastKnownFileType = sourcecode.swift; path = "MediaModel+Extension.swift"; sourceTree = "<group>"; };
		2E10383827ECC48D00E8E67B /* Poll+Extension.swift */ = {isa = PBXFileReference; lastKnownFileType = sourcecode.swift; path = "Poll+Extension.swift"; sourceTree = "<group>"; };
		2E10383B27ECC53100E8E67B /* PollModel+Extension.swift */ = {isa = PBXFileReference; lastKnownFileType = sourcecode.swift; path = "PollModel+Extension.swift"; sourceTree = "<group>"; };
		2E10383E27ED7E1F00E8E67B /* Place+Extension.swift */ = {isa = PBXFileReference; lastKnownFileType = sourcecode.swift; path = "Place+Extension.swift"; sourceTree = "<group>"; };
		2E10384127ED80A500E8E67B /* PlaceModel+Extension.swift */ = {isa = PBXFileReference; lastKnownFileType = sourcecode.swift; path = "PlaceModel+Extension.swift"; sourceTree = "<group>"; };
		2E10384427EDACF400E8E67B /* NewTweetView.swift */ = {isa = PBXFileReference; lastKnownFileType = sourcecode.swift; path = NewTweetView.swift; sourceTree = "<group>"; };
		2E10384727EE1B7800E8E67B /* NewTweetViewModel.swift */ = {isa = PBXFileReference; lastKnownFileType = sourcecode.swift; path = NewTweetViewModel.swift; sourceTree = "<group>"; };
		2E10386E27F2AD9B00E8E67B /* ListsView.swift */ = {isa = PBXFileReference; lastKnownFileType = sourcecode.swift; path = ListsView.swift; sourceTree = "<group>"; };
		2E10387127F2AF3700E8E67B /* ListCellView.swift */ = {isa = PBXFileReference; lastKnownFileType = sourcecode.swift; path = ListCellView.swift; sourceTree = "<group>"; };
		2E10387427F2D33400E8E67B /* ListDetailView.swift */ = {isa = PBXFileReference; lastKnownFileType = sourcecode.swift; path = ListDetailView.swift; sourceTree = "<group>"; };
		2E10387727F3411900E8E67B /* NewPollView.swift */ = {isa = PBXFileReference; lastKnownFileType = sourcecode.swift; path = NewPollView.swift; sourceTree = "<group>"; };
		2E10387A27F49F4A00E8E67B /* PhotoPicker.swift */ = {isa = PBXFileReference; lastKnownFileType = sourcecode.swift; path = PhotoPicker.swift; sourceTree = "<group>"; };
		2E13ED46280D0A1200BF79CD /* Array+Extension.swift */ = {isa = PBXFileReference; lastKnownFileType = sourcecode.swift; path = "Array+Extension.swift"; sourceTree = "<group>"; };
		2E13ED49280D175C00BF79CD /* SearchView.swift */ = {isa = PBXFileReference; lastKnownFileType = sourcecode.swift; path = SearchView.swift; sourceTree = "<group>"; };
		2E1914F4283F1EBC00F03C7C /* SearchViewModel.swift */ = {isa = PBXFileReference; lastKnownFileType = sourcecode.swift; path = SearchViewModel.swift; sourceTree = "<group>"; };
		2E3468DD283A757B00AA2E33 /* View+Extension.swift */ = {isa = PBXFileReference; lastKnownFileType = sourcecode.swift; path = "View+Extension.swift"; sourceTree = "<group>"; };
		2E3468E0283A770A00AA2E33 /* SettingsView.swift */ = {isa = PBXFileReference; lastKnownFileType = sourcecode.swift; path = SettingsView.swift; sourceTree = "<group>"; };
		2E3468E3283A784300AA2E33 /* AccountSettingView.swift */ = {isa = PBXFileReference; lastKnownFileType = sourcecode.swift; path = AccountSettingView.swift; sourceTree = "<group>"; };
		2E4E983027E82D8D00D9A15F /* TweetsView.swift */ = {isa = PBXFileReference; lastKnownFileType = sourcecode.swift; path = TweetsView.swift; sourceTree = "<group>"; };
		2E4E983827E9963C00D9A15F /* Persistence.swift */ = {isa = PBXFileReference; fileEncoding = 4; lastKnownFileType = sourcecode.swift; path = Persistence.swift; sourceTree = "<group>"; };
		2E4E983B27E9985E00D9A15F /* TweetCellView.swift */ = {isa = PBXFileReference; lastKnownFileType = sourcecode.swift; path = TweetCellView.swift; sourceTree = "<group>"; };
		2E5324E627FF1CEA008D5EFB /* NSItemProvider+Extension.swift */ = {isa = PBXFileReference; lastKnownFileType = sourcecode.swift; path = "NSItemProvider+Extension.swift"; sourceTree = "<group>"; };
		2E5324E927FF1D07008D5EFB /* LivePhoto.swift */ = {isa = PBXFileReference; lastKnownFileType = sourcecode.swift; path = LivePhoto.swift; sourceTree = "<group>"; };
		2E5324EC27FF1D41008D5EFB /* PhotoView.swift */ = {isa = PBXFileReference; lastKnownFileType = sourcecode.swift; path = PhotoView.swift; sourceTree = "<group>"; };
		2E5324EF27FF1D8E008D5EFB /* UIImage+Extension.swift */ = {isa = PBXFileReference; lastKnownFileType = sourcecode.swift; path = "UIImage+Extension.swift"; sourceTree = "<group>"; };
		2E5324F228046AD0008D5EFB /* ReplySetting+Extension.swift */ = {isa = PBXFileReference; lastKnownFileType = sourcecode.swift; path = "ReplySetting+Extension.swift"; sourceTree = "<group>"; };
		2E5E4F6E27EB88B0009D6D53 /* TweetModel+Extension.swift */ = {isa = PBXFileReference; lastKnownFileType = sourcecode.swift; path = "TweetModel+Extension.swift"; sourceTree = "<group>"; };
		2E633522280673E500368C51 /* SelectUserMenu.swift */ = {isa = PBXFileReference; lastKnownFileType = sourcecode.swift; path = SelectUserMenu.swift; sourceTree = "<group>"; };
		2E63898427EAB95500964EC8 /* LoginView.swift */ = {isa = PBXFileReference; lastKnownFileType = sourcecode.swift; path = LoginView.swift; sourceTree = "<group>"; };
		2E63898727EAB9C200964EC8 /* TwitterOauth2.swift */ = {isa = PBXFileReference; lastKnownFileType = sourcecode.swift; path = TwitterOauth2.swift; sourceTree = "<group>"; };
		2E63898A27EABF4400964EC8 /* SecurityRandom.swift */ = {isa = PBXFileReference; lastKnownFileType = sourcecode.swift; path = SecurityRandom.swift; sourceTree = "<group>"; };
		2E63898D27EABFCC00964EC8 /* Secret.swift */ = {isa = PBXFileReference; lastKnownFileType = sourcecode.swift; path = Secret.swift; sourceTree = "<group>"; };
		2E63899327EAC39D00964EC8 /* TwitterOauth2+Extension.swift */ = {isa = PBXFileReference; lastKnownFileType = sourcecode.swift; path = "TwitterOauth2+Extension.swift"; sourceTree = "<group>"; };
		2E63899627EAC56000964EC8 /* Sweet+Extension.swift */ = {isa = PBXFileReference; lastKnownFileType = sourcecode.swift; path = "Sweet+Extension.swift"; sourceTree = "<group>"; };
		2E63899927EADA5F00964EC8 /* Tuna--macOS--Info.plist */ = {isa = PBXFileReference; lastKnownFileType = text.plist; path = "Tuna--macOS--Info.plist"; sourceTree = "<group>"; };
		2E7DD5E9283B569E00F16C53 /* UserProfileView.swift */ = {isa = PBXFileReference; lastKnownFileType = sourcecode.swift; path = UserProfileView.swift; sourceTree = "<group>"; };
		2E8BB694283C997700DC9480 /* UserTweetsView.swift */ = {isa = PBXFileReference; lastKnownFileType = sourcecode.swift; path = UserTweetsView.swift; sourceTree = "<group>"; };
		2E915C5A2838FA8400DAD4AE /* UserView.swift */ = {isa = PBXFileReference; lastKnownFileType = sourcecode.swift; path = UserView.swift; sourceTree = "<group>"; };
		2E915C5D28390C6300DAD4AE /* Color+Extension.swift */ = {isa = PBXFileReference; lastKnownFileType = sourcecode.swift; path = "Color+Extension.swift"; sourceTree = "<group>"; };
		2EA6538B27E9A148003E99AE /* TweetCellViewModel.swift */ = {isa = PBXFileReference; lastKnownFileType = sourcecode.swift; path = TweetCellViewModel.swift; sourceTree = "<group>"; };
		2EA6538D27E9A16A003E99AE /* DateComponents+Extension.swift */ = {isa = PBXFileReference; lastKnownFileType = sourcecode.swift; path = "DateComponents+Extension.swift"; sourceTree = "<group>"; };
		2EA6538F27E9A188003E99AE /* Calendar+Extension.swift */ = {isa = PBXFileReference; lastKnownFileType = sourcecode.swift; path = "Calendar+Extension.swift"; sourceTree = "<group>"; };
		2EB3B383283E738000891A5E /* ReverseChronologicalViewModel.swift */ = {isa = PBXFileReference; lastKnownFileType = sourcecode.swift; path = ReverseChronologicalViewModel.swift; sourceTree = "<group>"; };
		2EB3B386283E765900891A5E /* BookmarksViewModel.swift */ = {isa = PBXFileReference; lastKnownFileType = sourcecode.swift; path = BookmarksViewModel.swift; sourceTree = "<group>"; };
		2EB3B389283E9AB300891A5E /* LikesViewModel.swift */ = {isa = PBXFileReference; lastKnownFileType = sourcecode.swift; path = LikesViewModel.swift; sourceTree = "<group>"; };
		2EB3B38C283E9DDC00891A5E /* DurationPicker.swift */ = {isa = PBXFileReference; lastKnownFileType = sourcecode.swift; path = DurationPicker.swift; sourceTree = "<group>"; };
		2EB935D12845FD4900833663 /* ListFollowersViewModel.swift */ = {isa = PBXFileReference; lastKnownFileType = sourcecode.swift; path = ListFollowersViewModel.swift; sourceTree = "<group>"; };
		2EB935D428461B8C00833663 /* SearchUsersViewModel.swift */ = {isa = PBXFileReference; lastKnownFileType = sourcecode.swift; path = SearchUsersViewModel.swift; sourceTree = "<group>"; };
		2EB935D728461BA700833663 /* SearchTweetsViewModel.swift */ = {isa = PBXFileReference; lastKnownFileType = sourcecode.swift; path = SearchTweetsViewModel.swift; sourceTree = "<group>"; };
		2EEE9DFC2816DB0300721ADD /* UsersView.swift */ = {isa = PBXFileReference; lastKnownFileType = sourcecode.swift; path = UsersView.swift; sourceTree = "<group>"; };
		2EEE9DFF2816E8F000721ADD /* UserCellView.swift */ = {isa = PBXFileReference; lastKnownFileType = sourcecode.swift; path = UserCellView.swift; sourceTree = "<group>"; };
		2EEE9E022816E93E00721ADD /* UsersViewModel.swift */ = {isa = PBXFileReference; lastKnownFileType = sourcecode.swift; path = UsersViewModel.swift; sourceTree = "<group>"; };
		2EEE9E052816E96600721ADD /* ListMembersViewModel.swift */ = {isa = PBXFileReference; lastKnownFileType = sourcecode.swift; path = ListMembersViewModel.swift; sourceTree = "<group>"; };
		2EF3987127EB4B3800EEFA51 /* Tweet+Extension.swift */ = {isa = PBXFileReference; lastKnownFileType = sourcecode.swift; path = "Tweet+Extension.swift"; sourceTree = "<group>"; };
		2EF5B319283B8B9E00DD8352 /* WebView.swift */ = {isa = PBXFileReference; lastKnownFileType = sourcecode.swift; path = WebView.swift; sourceTree = "<group>"; };
		2EF5B31C283B953C00DD8352 /* UserToolMenu.swift */ = {isa = PBXFileReference; lastKnownFileType = sourcecode.swift; path = UserToolMenu.swift; sourceTree = "<group>"; };
		2EF5B31F283B9FB200DD8352 /* BlockButton.swift */ = {isa = PBXFileReference; lastKnownFileType = sourcecode.swift; path = BlockButton.swift; sourceTree = "<group>"; };
		2EF5B322283BA18B00DD8352 /* MuteButton.swift */ = {isa = PBXFileReference; lastKnownFileType = sourcecode.swift; path = MuteButton.swift; sourceTree = "<group>"; };
		2EF5B325283BA7FB00DD8352 /* FollowButton.swift */ = {isa = PBXFileReference; lastKnownFileType = sourcecode.swift; path = FollowButton.swift; sourceTree = "<group>"; };
		2EF5B328283BAD2600DD8352 /* LikeButton.swift */ = {isa = PBXFileReference; lastKnownFileType = sourcecode.swift; path = LikeButton.swift; sourceTree = "<group>"; };
		2EF5B32B283BAEFE00DD8352 /* TweetToolBar.swift */ = {isa = PBXFileReference; lastKnownFileType = sourcecode.swift; path = TweetToolBar.swift; sourceTree = "<group>"; };
		2EF5B32E283BAF6000DD8352 /* RetweetButton.swift */ = {isa = PBXFileReference; lastKnownFileType = sourcecode.swift; path = RetweetButton.swift; sourceTree = "<group>"; };
		2EF5B331283BB11900DD8352 /* BookmarkButton.swift */ = {isa = PBXFileReference; lastKnownFileType = sourcecode.swift; path = BookmarkButton.swift; sourceTree = "<group>"; };
		2EF9E3B92836727300571A40 /* CustomContextMenu.swift */ = {isa = PBXFileReference; lastKnownFileType = sourcecode.swift; path = CustomContextMenu.swift; sourceTree = "<group>"; };
/* End PBXFileReference section */

/* Begin PBXFrameworksBuildPhase section */
		2E027F9527E8269A00521378 /* Frameworks */ = {
			isa = PBXFrameworksBuildPhase;
			buildActionMask = 2147483647;
			files = (
				2E5E4F6C27EB59BB009D6D53 /* Kingfisher in Frameworks */,
				2E5E4F6927EB59A9009D6D53 /* KeychainAccess in Frameworks */,
				2E5E4F6627EB593A009D6D53 /* Sweet in Frameworks */,
			);
			runOnlyForDeploymentPostprocessing = 0;
		};
		2E027F9B27E8269A00521378 /* Frameworks */ = {
			isa = PBXFrameworksBuildPhase;
			buildActionMask = 2147483647;
			files = (
			);
			runOnlyForDeploymentPostprocessing = 0;
		};
		2E027FA227E8269A00521378 /* Frameworks */ = {
			isa = PBXFrameworksBuildPhase;
			buildActionMask = 2147483647;
			files = (
			);
			runOnlyForDeploymentPostprocessing = 0;
		};
		2E027FAE27E8269A00521378 /* Frameworks */ = {
			isa = PBXFrameworksBuildPhase;
			buildActionMask = 2147483647;
			files = (
			);
			runOnlyForDeploymentPostprocessing = 0;
		};
/* End PBXFrameworksBuildPhase section */

/* Begin PBXGroup section */
		2E027F8827E8269800521378 = {
			isa = PBXGroup;
			children = (
				2E044A8E27EAE49100736B9F /* Tuna--iOS--Info.plist */,
				2E63899927EADA5F00964EC8 /* Tuna--macOS--Info.plist */,
				2E027F8D27E8269800521378 /* Shared */,
				2E027F9F27E8269A00521378 /* macOS */,
				2E027FA827E8269A00521378 /* Tests iOS */,
				2E027FB427E8269A00521378 /* Tests macOS */,
				2E027F9927E8269A00521378 /* Products */,
				2E5E4F5F27EB58C7009D6D53 /* Frameworks */,
			);
			sourceTree = "<group>";
		};
		2E027F8D27E8269800521378 /* Shared */ = {
			isa = PBXGroup;
			children = (
				2E612BC2280997FE00CD4111 /* Model */,
				2EA6538A27E9A137003E99AE /* ViewModel */,
				2E4E983327E9959D00D9A15F /* View */,
				2E5E4F6D27EB632B009D6D53 /* Extension */,
				2E027F9027E8269800521378 /* TunaApp.swift */,
				2E4E983827E9963C00D9A15F /* Persistence.swift */,
				2E63898A27EABF4400964EC8 /* SecurityRandom.swift */,
				2E63898727EAB9C200964EC8 /* TwitterOauth2.swift */,
				2E044A9827EAF3B200736B9F /* DeepLink.swift */,
				2E63898D27EABFCC00964EC8 /* Secret.swift */,
				2E027F9327E8269A00521378 /* Assets.xcassets */,
				2E027F8E27E8269800521378 /* Tuna.xcdatamodeld */,
			);
			path = Shared;
			sourceTree = "<group>";
		};
		2E027F9927E8269A00521378 /* Products */ = {
			isa = PBXGroup;
			children = (
				2E027F9827E8269A00521378 /* Tuna.app */,
				2E027F9E27E8269A00521378 /* Tuna.app */,
				2E027FA527E8269A00521378 /* Tests iOS.xctest */,
				2E027FB127E8269A00521378 /* Tests macOS.xctest */,
			);
			name = Products;
			sourceTree = "<group>";
		};
		2E027F9F27E8269A00521378 /* macOS */ = {
			isa = PBXGroup;
			children = (
				2E027FA027E8269A00521378 /* macOS.entitlements */,
			);
			path = macOS;
			sourceTree = "<group>";
		};
		2E027FA827E8269A00521378 /* Tests iOS */ = {
			isa = PBXGroup;
			children = (
				2E027FA927E8269A00521378 /* Tests_iOS.swift */,
				2E027FAB27E8269A00521378 /* Tests_iOSLaunchTests.swift */,
			);
			path = "Tests iOS";
			sourceTree = "<group>";
		};
		2E027FB427E8269A00521378 /* Tests macOS */ = {
			isa = PBXGroup;
			children = (
				2E027FB527E8269A00521378 /* Tests_macOS.swift */,
				2E027FB727E8269A00521378 /* Tests_macOSLaunchTests.swift */,
			);
			path = "Tests macOS";
			sourceTree = "<group>";
		};
		2E4E983327E9959D00D9A15F /* View */ = {
			isa = PBXGroup;
			children = (
				2E854FFA283BB99100676D99 /* BaseView */,
				2E854FF9283BB96F00676D99 /* Menu */,
				2E854FF8283BB96400676D99 /* ToolBar */,
				2E854FF7283BB94C00676D99 /* Button */,
				2E4E983027E82D8D00D9A15F /* TweetsView.swift */,
				2E8BB694283C997700DC9480 /* UserTweetsView.swift */,
				2E4E983B27E9985E00D9A15F /* TweetCellView.swift */,
				2E63898427EAB95500964EC8 /* LoginView.swift */,
				2E10382F27EC909600E8E67B /* ProfileImageView.swift */,
				2E10384427EDACF400E8E67B /* NewTweetView.swift */,
				2E10387727F3411900E8E67B /* NewPollView.swift */,
				2E10386E27F2AD9B00E8E67B /* ListsView.swift */,
				2E10387127F2AF3700E8E67B /* ListCellView.swift */,
				2E10387427F2D33400E8E67B /* ListDetailView.swift */,
				2E0981442809482A00431C50 /* QuotedTweetCellView.swift */,
				2E13ED49280D175C00BF79CD /* SearchView.swift */,
				2EEE9DFC2816DB0300721ADD /* UsersView.swift */,
				2EEE9DFF2816E8F000721ADD /* UserCellView.swift */,
				2EF9E3B92836727300571A40 /* CustomContextMenu.swift */,
				2E915C5A2838FA8400DAD4AE /* UserView.swift */,
				2E3468E0283A770A00AA2E33 /* SettingsView.swift */,
				2E3468E3283A784300AA2E33 /* AccountSettingView.swift */,
				2E7DD5E9283B569E00F16C53 /* UserProfileView.swift */,
			);
			path = View;
			sourceTree = "<group>";
		};
		2E5E4F5F27EB58C7009D6D53 /* Frameworks */ = {
			isa = PBXGroup;
			children = (
			);
			name = Frameworks;
			sourceTree = "<group>";
		};
		2E5E4F6D27EB632B009D6D53 /* Extension */ = {
			isa = PBXGroup;
			children = (
				2E63899327EAC39D00964EC8 /* TwitterOauth2+Extension.swift */,
				2E10383227EC98AF00E8E67B /* Media+Extension.swift */,
				2EA6538D27E9A16A003E99AE /* DateComponents+Extension.swift */,
				2E10383B27ECC53100E8E67B /* PollModel+Extension.swift */,
				2E63899627EAC56000964EC8 /* Sweet+Extension.swift */,
				2EA6538F27E9A188003E99AE /* Calendar+Extension.swift */,
				2E044A9527EAE7D000736B9F /* KeychainAccess+Extension.swift */,
				2EF3987127EB4B3800EEFA51 /* Tweet+Extension.swift */,
				2E5E4F6E27EB88B0009D6D53 /* TweetModel+Extension.swift */,
				2E10382927EC05FD00E8E67B /* User+Extension.swift */,
				2E10382C27EC31E400E8E67B /* UserModel+Extension.swift */,
				2E10383527EC997C00E8E67B /* MediaModel+Extension.swift */,
				2E10383827ECC48D00E8E67B /* Poll+Extension.swift */,
				2E10383E27ED7E1F00E8E67B /* Place+Extension.swift */,
				2E10384127ED80A500E8E67B /* PlaceModel+Extension.swift */,
				2E5324E627FF1CEA008D5EFB /* NSItemProvider+Extension.swift */,
				2E5324EF27FF1D8E008D5EFB /* UIImage+Extension.swift */,
				2E5324F228046AD0008D5EFB /* ReplySetting+Extension.swift */,
				2E13ED46280D0A1200BF79CD /* Array+Extension.swift */,
				2E915C5D28390C6300DAD4AE /* Color+Extension.swift */,
				2E3468DD283A757B00AA2E33 /* View+Extension.swift */,
			);
			path = Extension;
			sourceTree = "<group>";
		};
		2E612BC2280997FE00CD4111 /* Model */ = {
			isa = PBXGroup;
			children = (
			);
			path = Model;
			sourceTree = "<group>";
		};
		2E854FF7283BB94C00676D99 /* Button */ = {
			isa = PBXGroup;
			children = (
				2EF5B31F283B9FB200DD8352 /* BlockButton.swift */,
				2EF5B32E283BAF6000DD8352 /* RetweetButton.swift */,
				2EF5B331283BB11900DD8352 /* BookmarkButton.swift */,
				2EF5B325283BA7FB00DD8352 /* FollowButton.swift */,
				2EF5B322283BA18B00DD8352 /* MuteButton.swift */,
				2EF5B328283BAD2600DD8352 /* LikeButton.swift */,
			);
			path = Button;
			sourceTree = "<group>";
		};
		2E854FF8283BB96400676D99 /* ToolBar */ = {
			isa = PBXGroup;
			children = (
				2EF5B32B283BAEFE00DD8352 /* TweetToolBar.swift */,
			);
			path = ToolBar;
			sourceTree = "<group>";
		};
		2E854FF9283BB96F00676D99 /* Menu */ = {
			isa = PBXGroup;
			children = (
				2E633522280673E500368C51 /* SelectUserMenu.swift */,
				2EF5B31C283B953C00DD8352 /* UserToolMenu.swift */,
			);
			path = Menu;
			sourceTree = "<group>";
		};
		2E854FFA283BB99100676D99 /* BaseView */ = {
			isa = PBXGroup;
			children = (
				2E5324E927FF1D07008D5EFB /* LivePhoto.swift */,
				2E5324EC27FF1D41008D5EFB /* PhotoView.swift */,
				2E10387A27F49F4A00E8E67B /* PhotoPicker.swift */,
				2EF5B319283B8B9E00DD8352 /* WebView.swift */,
				2EB3B38C283E9DDC00891A5E /* DurationPicker.swift */,
			);
			path = BaseView;
			sourceTree = "<group>";
		};
		2EA6538A27E9A137003E99AE /* ViewModel */ = {
			isa = PBXGroup;
			children = (
				2EA6538B27E9A148003E99AE /* TweetCellViewModel.swift */,
				2E10384727EE1B7800E8E67B /* NewTweetViewModel.swift */,
				2E0A3AEC28105BA7002D5F39 /* TweetsViewProtocol.swift */,
				2E0A3AEF28105CC1002D5F39 /* ListDetailViewModel.swift */,
				2EEE9E022816E93E00721ADD /* UsersViewModel.swift */,
				2EEE9E052816E96600721ADD /* ListMembersViewModel.swift */,
				2EB935D12845FD4900833663 /* ListFollowersViewModel.swift */,
				2EB3B383283E738000891A5E /* ReverseChronologicalViewModel.swift */,
				2EB3B386283E765900891A5E /* BookmarksViewModel.swift */,
				2EB3B389283E9AB300891A5E /* LikesViewModel.swift */,
				2E1914F4283F1EBC00F03C7C /* SearchViewModel.swift */,
				2EB935D428461B8C00833663 /* SearchUsersViewModel.swift */,
				2EB935D728461BA700833663 /* SearchTweetsViewModel.swift */,
			);
			path = ViewModel;
			sourceTree = "<group>";
		};
/* End PBXGroup section */

/* Begin PBXNativeTarget section */
		2E027F9727E8269A00521378 /* Tuna (iOS) */ = {
			isa = PBXNativeTarget;
			buildConfigurationList = 2E027FC527E8269A00521378 /* Build configuration list for PBXNativeTarget "Tuna (iOS)" */;
			buildPhases = (
				2E027F9427E8269A00521378 /* Sources */,
				2E027F9527E8269A00521378 /* Frameworks */,
				2E027F9627E8269A00521378 /* Resources */,
			);
			buildRules = (
			);
			dependencies = (
			);
			name = "Tuna (iOS)";
			packageProductDependencies = (
				2E5E4F6527EB593A009D6D53 /* Sweet */,
				2E5E4F6827EB59A9009D6D53 /* KeychainAccess */,
				2E5E4F6B27EB59BB009D6D53 /* Kingfisher */,
			);
			productName = "Tuna (iOS)";
			productReference = 2E027F9827E8269A00521378 /* Tuna.app */;
			productType = "com.apple.product-type.application";
		};
		2E027F9D27E8269A00521378 /* Tuna (macOS) */ = {
			isa = PBXNativeTarget;
			buildConfigurationList = 2E027FC827E8269A00521378 /* Build configuration list for PBXNativeTarget "Tuna (macOS)" */;
			buildPhases = (
				2E027F9A27E8269A00521378 /* Sources */,
				2E027F9B27E8269A00521378 /* Frameworks */,
				2E027F9C27E8269A00521378 /* Resources */,
			);
			buildRules = (
			);
			dependencies = (
			);
			name = "Tuna (macOS)";
			packageProductDependencies = (
			);
			productName = "Tuna (macOS)";
			productReference = 2E027F9E27E8269A00521378 /* Tuna.app */;
			productType = "com.apple.product-type.application";
		};
		2E027FA427E8269A00521378 /* Tests iOS */ = {
			isa = PBXNativeTarget;
			buildConfigurationList = 2E027FCB27E8269A00521378 /* Build configuration list for PBXNativeTarget "Tests iOS" */;
			buildPhases = (
				2E027FA127E8269A00521378 /* Sources */,
				2E027FA227E8269A00521378 /* Frameworks */,
				2E027FA327E8269A00521378 /* Resources */,
			);
			buildRules = (
			);
			dependencies = (
				2E027FA727E8269A00521378 /* PBXTargetDependency */,
			);
			name = "Tests iOS";
			productName = "Tests iOS";
			productReference = 2E027FA527E8269A00521378 /* Tests iOS.xctest */;
			productType = "com.apple.product-type.bundle.ui-testing";
		};
		2E027FB027E8269A00521378 /* Tests macOS */ = {
			isa = PBXNativeTarget;
			buildConfigurationList = 2E027FCE27E8269A00521378 /* Build configuration list for PBXNativeTarget "Tests macOS" */;
			buildPhases = (
				2E027FAD27E8269A00521378 /* Sources */,
				2E027FAE27E8269A00521378 /* Frameworks */,
				2E027FAF27E8269A00521378 /* Resources */,
			);
			buildRules = (
			);
			dependencies = (
				2E027FB327E8269A00521378 /* PBXTargetDependency */,
			);
			name = "Tests macOS";
			productName = "Tests macOS";
			productReference = 2E027FB127E8269A00521378 /* Tests macOS.xctest */;
			productType = "com.apple.product-type.bundle.ui-testing";
		};
/* End PBXNativeTarget section */

/* Begin PBXProject section */
		2E027F8927E8269800521378 /* Project object */ = {
			isa = PBXProject;
			attributes = {
				BuildIndependentTargetsInParallel = 1;
				LastSwiftUpdateCheck = 1330;
				LastUpgradeCheck = 1340;
				TargetAttributes = {
					2E027F9727E8269A00521378 = {
						CreatedOnToolsVersion = 13.3;
					};
					2E027F9D27E8269A00521378 = {
						CreatedOnToolsVersion = 13.3;
					};
					2E027FA427E8269A00521378 = {
						CreatedOnToolsVersion = 13.3;
						TestTargetID = 2E027F9727E8269A00521378;
					};
					2E027FB027E8269A00521378 = {
						CreatedOnToolsVersion = 13.3;
						TestTargetID = 2E027F9D27E8269A00521378;
					};
				};
			};
			buildConfigurationList = 2E027F8C27E8269800521378 /* Build configuration list for PBXProject "Tuna" */;
			compatibilityVersion = "Xcode 13.0";
			developmentRegion = en;
			hasScannedForEncodings = 0;
			knownRegions = (
				en,
				Base,
			);
			mainGroup = 2E027F8827E8269800521378;
			packageReferences = (
				2E5E4F6427EB593A009D6D53 /* XCRemoteSwiftPackageReference "Sweet" */,
				2E5E4F6727EB59A9009D6D53 /* XCRemoteSwiftPackageReference "KeychainAccess" */,
				2E5E4F6A27EB59BB009D6D53 /* XCRemoteSwiftPackageReference "Kingfisher" */,
			);
			productRefGroup = 2E027F9927E8269A00521378 /* Products */;
			projectDirPath = "";
			projectRoot = "";
			targets = (
				2E027F9727E8269A00521378 /* Tuna (iOS) */,
				2E027F9D27E8269A00521378 /* Tuna (macOS) */,
				2E027FA427E8269A00521378 /* Tests iOS */,
				2E027FB027E8269A00521378 /* Tests macOS */,
			);
		};
/* End PBXProject section */

/* Begin PBXResourcesBuildPhase section */
		2E027F9627E8269A00521378 /* Resources */ = {
			isa = PBXResourcesBuildPhase;
			buildActionMask = 2147483647;
			files = (
				2E027FC127E8269A00521378 /* Assets.xcassets in Resources */,
			);
			runOnlyForDeploymentPostprocessing = 0;
		};
		2E027F9C27E8269A00521378 /* Resources */ = {
			isa = PBXResourcesBuildPhase;
			buildActionMask = 2147483647;
			files = (
				2E027FC227E8269A00521378 /* Assets.xcassets in Resources */,
			);
			runOnlyForDeploymentPostprocessing = 0;
		};
		2E027FA327E8269A00521378 /* Resources */ = {
			isa = PBXResourcesBuildPhase;
			buildActionMask = 2147483647;
			files = (
			);
			runOnlyForDeploymentPostprocessing = 0;
		};
		2E027FAF27E8269A00521378 /* Resources */ = {
			isa = PBXResourcesBuildPhase;
			buildActionMask = 2147483647;
			files = (
			);
			runOnlyForDeploymentPostprocessing = 0;
		};
/* End PBXResourcesBuildPhase section */

/* Begin PBXSourcesBuildPhase section */
		2E027F9427E8269A00521378 /* Sources */ = {
			isa = PBXSourcesBuildPhase;
			buildActionMask = 2147483647;
			files = (
				2EB935D828461BA700833663 /* SearchTweetsViewModel.swift in Sources */,
				2E1914F5283F1EBC00F03C7C /* SearchViewModel.swift in Sources */,
				2E5324F027FF1D8E008D5EFB /* UIImage+Extension.swift in Sources */,
				2E10387227F2AF3700E8E67B /* ListCellView.swift in Sources */,
				2E10383327EC98AF00E8E67B /* Media+Extension.swift in Sources */,
				2E0A3AF028105CC1002D5F39 /* ListDetailViewModel.swift in Sources */,
				2EEE9E062816E96600721ADD /* ListMembersViewModel.swift in Sources */,
				2E027FB927E8269A00521378 /* Tuna.xcdatamodeld in Sources */,
				2EF3987227EB4B3800EEFA51 /* Tweet+Extension.swift in Sources */,
				2E10387B27F49F4A00E8E67B /* PhotoPicker.swift in Sources */,
				2EEE9E002816E8F000721ADD /* UserCellView.swift in Sources */,
				2EA6539027E9A188003E99AE /* Calendar+Extension.swift in Sources */,
				2EF5B32F283BAF6000DD8352 /* RetweetButton.swift in Sources */,
				2EB3B38A283E9AB300891A5E /* LikesViewModel.swift in Sources */,
				2E5324F328046AD0008D5EFB /* ReplySetting+Extension.swift in Sources */,
				2E63899427EAC39D00964EC8 /* TwitterOauth2+Extension.swift in Sources */,
				2E5324ED27FF1D41008D5EFB /* PhotoView.swift in Sources */,
				2E915C5B2838FA8400DAD4AE /* UserView.swift in Sources */,
				2E5324EA27FF1D07008D5EFB /* LivePhoto.swift in Sources */,
				2EA6538C27E9A148003E99AE /* TweetCellViewModel.swift in Sources */,
				2EF9E3BA2836727300571A40 /* CustomContextMenu.swift in Sources */,
				2E10383927ECC48D00E8E67B /* Poll+Extension.swift in Sources */,
				2EF5B32C283BAEFE00DD8352 /* TweetToolBar.swift in Sources */,
				2E10383627EC997C00E8E67B /* MediaModel+Extension.swift in Sources */,
				2E10384527EDACF400E8E67B /* NewTweetView.swift in Sources */,
				2E63899727EAC56000964EC8 /* Sweet+Extension.swift in Sources */,
				2EF5B332283BB11900DD8352 /* BookmarkButton.swift in Sources */,
				2E3468E1283A770A00AA2E33 /* SettingsView.swift in Sources */,
				2E0981452809482A00431C50 /* QuotedTweetCellView.swift in Sources */,
				2E027FBB27E8269A00521378 /* TunaApp.swift in Sources */,
				2E63898827EAB9C200964EC8 /* TwitterOauth2.swift in Sources */,
				2E044A9927EAF3B200736B9F /* DeepLink.swift in Sources */,
				2EB3B384283E738000891A5E /* ReverseChronologicalViewModel.swift in Sources */,
				2E633523280673E500368C51 /* SelectUserMenu.swift in Sources */,
				2E4E983127E82D8D00D9A15F /* TweetsView.swift in Sources */,
				2EA6538E27E9A16A003E99AE /* DateComponents+Extension.swift in Sources */,
				2E10384827EE1B7800E8E67B /* NewTweetViewModel.swift in Sources */,
				2E10386F27F2AD9B00E8E67B /* ListsView.swift in Sources */,
				2E63898B27EABF4400964EC8 /* SecurityRandom.swift in Sources */,
				2E10387827F3411900E8E67B /* NewPollView.swift in Sources */,
				2E63898E27EABFCC00964EC8 /* Secret.swift in Sources */,
				2E10382A27EC05FE00E8E67B /* User+Extension.swift in Sources */,
				2EF5B326283BA7FB00DD8352 /* FollowButton.swift in Sources */,
				2E7DD5EA283B569E00F16C53 /* UserProfileView.swift in Sources */,
				2EB935D528461B8C00833663 /* SearchUsersViewModel.swift in Sources */,
				2E5324E727FF1CEA008D5EFB /* NSItemProvider+Extension.swift in Sources */,
				2E3468E4283A784300AA2E33 /* AccountSettingView.swift in Sources */,
				2E10383C27ECC53100E8E67B /* PollModel+Extension.swift in Sources */,
				2E8BB695283C997700DC9480 /* UserTweetsView.swift in Sources */,
				2E13ED4A280D175C00BF79CD /* SearchView.swift in Sources */,
				2EB3B38D283E9DDC00891A5E /* DurationPicker.swift in Sources */,
				2E4E983C27E9985E00D9A15F /* TweetCellView.swift in Sources */,
				2E10383027EC909600E8E67B /* ProfileImageView.swift in Sources */,
				2EF5B320283B9FB200DD8352 /* BlockButton.swift in Sources */,
				2EB935D22845FD4900833663 /* ListFollowersViewModel.swift in Sources */,
				2E63898527EAB95500964EC8 /* LoginView.swift in Sources */,
				2E5E4F6F27EB88B0009D6D53 /* TweetModel+Extension.swift in Sources */,
				2EF5B329283BAD2600DD8352 /* LikeButton.swift in Sources */,
				2E10387527F2D33400E8E67B /* ListDetailView.swift in Sources */,
				2E3468DE283A757B00AA2E33 /* View+Extension.swift in Sources */,
				2E13ED47280D0A1300BF79CD /* Array+Extension.swift in Sources */,
				2E4E983927E9963C00D9A15F /* Persistence.swift in Sources */,
				2EB3B387283E765900891A5E /* BookmarksViewModel.swift in Sources */,
				2E044A9627EAE7D000736B9F /* KeychainAccess+Extension.swift in Sources */,
				2EEE9E032816E93E00721ADD /* UsersViewModel.swift in Sources */,
				2E10383F27ED7E1F00E8E67B /* Place+Extension.swift in Sources */,
				2EF5B31A283B8B9E00DD8352 /* WebView.swift in Sources */,
				2E0A3AED28105BA7002D5F39 /* TweetsViewProtocol.swift in Sources */,
				2EF5B323283BA18B00DD8352 /* MuteButton.swift in Sources */,
				2EF5B31D283B953C00DD8352 /* UserToolMenu.swift in Sources */,
				2E10382D27EC31E400E8E67B /* UserModel+Extension.swift in Sources */,
				2EEE9DFD2816DB0300721ADD /* UsersView.swift in Sources */,
				2E10384227ED80A500E8E67B /* PlaceModel+Extension.swift in Sources */,
				2E915C5E28390C6300DAD4AE /* Color+Extension.swift in Sources */,
			);
			runOnlyForDeploymentPostprocessing = 0;
		};
		2E027F9A27E8269A00521378 /* Sources */ = {
			isa = PBXSourcesBuildPhase;
			buildActionMask = 2147483647;
			files = (
				2EB935D928461BA700833663 /* SearchTweetsViewModel.swift in Sources */,
				2E1914F6283F1EBC00F03C7C /* SearchViewModel.swift in Sources */,
				2E5324F127FF1D8E008D5EFB /* UIImage+Extension.swift in Sources */,
				2E10387327F2AF3700E8E67B /* ListCellView.swift in Sources */,
				2E10383427EC98AF00E8E67B /* Media+Extension.swift in Sources */,
				2E0A3AF128105CC1002D5F39 /* ListDetailViewModel.swift in Sources */,
				2EEE9E072816E96600721ADD /* ListMembersViewModel.swift in Sources */,
				2E027FBA27E8269A00521378 /* Tuna.xcdatamodeld in Sources */,
				2EF3987327EB4B3800EEFA51 /* Tweet+Extension.swift in Sources */,
				2E10387C27F49F4A00E8E67B /* PhotoPicker.swift in Sources */,
				2EEE9E012816E8F000721ADD /* UserCellView.swift in Sources */,
				2E63898327EAB88300964EC8 /* Calendar+Extension.swift in Sources */,
				2EF5B330283BAF6100DD8352 /* RetweetButton.swift in Sources */,
				2EB3B38B283E9AB300891A5E /* LikesViewModel.swift in Sources */,
				2E5324F428046AD0008D5EFB /* ReplySetting+Extension.swift in Sources */,
				2E63899527EAC39D00964EC8 /* TwitterOauth2+Extension.swift in Sources */,
				2E5324EE27FF1D41008D5EFB /* PhotoView.swift in Sources */,
				2E915C5C2838FA8400DAD4AE /* UserView.swift in Sources */,
				2E5324EB27FF1D07008D5EFB /* LivePhoto.swift in Sources */,
				2E63898127EAB86900964EC8 /* TweetCellViewModel.swift in Sources */,
				2EF9E3BB2836727300571A40 /* CustomContextMenu.swift in Sources */,
				2E10383A27ECC48D00E8E67B /* Poll+Extension.swift in Sources */,
				2EF5B32D283BAEFE00DD8352 /* TweetToolBar.swift in Sources */,
				2E10383727EC997C00E8E67B /* MediaModel+Extension.swift in Sources */,
				2E10384627EDACF400E8E67B /* NewTweetView.swift in Sources */,
				2E63899827EAC56000964EC8 /* Sweet+Extension.swift in Sources */,
				2EF5B333283BB11900DD8352 /* BookmarkButton.swift in Sources */,
				2E3468E2283A770A00AA2E33 /* SettingsView.swift in Sources */,
				2E0981462809482A00431C50 /* QuotedTweetCellView.swift in Sources */,
				2E027FBC27E8269A00521378 /* TunaApp.swift in Sources */,
				2E63898927EAB9C200964EC8 /* TwitterOauth2.swift in Sources */,
				2E044A9A27EAF3B200736B9F /* DeepLink.swift in Sources */,
				2EB3B385283E738000891A5E /* ReverseChronologicalViewModel.swift in Sources */,
				2E633524280673E500368C51 /* SelectUserMenu.swift in Sources */,
				2E4E983227E82D8D00D9A15F /* TweetsView.swift in Sources */,
				2E63898227EAB88000964EC8 /* DateComponents+Extension.swift in Sources */,
				2E10384927EE1B7800E8E67B /* NewTweetViewModel.swift in Sources */,
				2E10387027F2AD9B00E8E67B /* ListsView.swift in Sources */,
				2E63898C27EABF4400964EC8 /* SecurityRandom.swift in Sources */,
				2E10387927F3411900E8E67B /* NewPollView.swift in Sources */,
				2E63898F27EABFCC00964EC8 /* Secret.swift in Sources */,
				2E10382B27EC05FE00E8E67B /* User+Extension.swift in Sources */,
				2EF5B327283BA7FB00DD8352 /* FollowButton.swift in Sources */,
				2E7DD5EB283B569E00F16C53 /* UserProfileView.swift in Sources */,
				2EB935D628461B8C00833663 /* SearchUsersViewModel.swift in Sources */,
				2E5324E827FF1CEA008D5EFB /* NSItemProvider+Extension.swift in Sources */,
				2E3468E5283A784300AA2E33 /* AccountSettingView.swift in Sources */,
				2E10383D27ECC53100E8E67B /* PollModel+Extension.swift in Sources */,
				2E8BB696283C997700DC9480 /* UserTweetsView.swift in Sources */,
				2E13ED4B280D175C00BF79CD /* SearchView.swift in Sources */,
				2EB3B38E283E9DDC00891A5E /* DurationPicker.swift in Sources */,
				2E4E983D27E9985E00D9A15F /* TweetCellView.swift in Sources */,
				2E10383127EC909600E8E67B /* ProfileImageView.swift in Sources */,
				2EF5B321283B9FB200DD8352 /* BlockButton.swift in Sources */,
				2EB935D32845FD4900833663 /* ListFollowersViewModel.swift in Sources */,
				2E63898627EAB95500964EC8 /* LoginView.swift in Sources */,
				2E5E4F7027EB88B0009D6D53 /* TweetModel+Extension.swift in Sources */,
				2EF5B32A283BAD2600DD8352 /* LikeButton.swift in Sources */,
				2E10387627F2D33400E8E67B /* ListDetailView.swift in Sources */,
				2E3468DF283A757B00AA2E33 /* View+Extension.swift in Sources */,
				2E13ED48280D0A1300BF79CD /* Array+Extension.swift in Sources */,
				2E4E983A27E9963C00D9A15F /* Persistence.swift in Sources */,
				2EB3B388283E765900891A5E /* BookmarksViewModel.swift in Sources */,
				2E044A9727EAE7D000736B9F /* KeychainAccess+Extension.swift in Sources */,
				2EEE9E042816E93E00721ADD /* UsersViewModel.swift in Sources */,
				2E10384027ED7E1F00E8E67B /* Place+Extension.swift in Sources */,
				2EF5B31B283B8B9E00DD8352 /* WebView.swift in Sources */,
				2E0A3AEE28105BA7002D5F39 /* TweetsViewProtocol.swift in Sources */,
				2EF5B324283BA18B00DD8352 /* MuteButton.swift in Sources */,
				2EF5B31E283B953C00DD8352 /* UserToolMenu.swift in Sources */,
				2E10382E27EC31E400E8E67B /* UserModel+Extension.swift in Sources */,
				2EEE9DFE2816DB0300721ADD /* UsersView.swift in Sources */,
				2E10384327ED80A600E8E67B /* PlaceModel+Extension.swift in Sources */,
				2E915C5F28390C6300DAD4AE /* Color+Extension.swift in Sources */,
			);
			runOnlyForDeploymentPostprocessing = 0;
		};
		2E027FA127E8269A00521378 /* Sources */ = {
			isa = PBXSourcesBuildPhase;
			buildActionMask = 2147483647;
			files = (
				2E027FAC27E8269A00521378 /* Tests_iOSLaunchTests.swift in Sources */,
				2E027FAA27E8269A00521378 /* Tests_iOS.swift in Sources */,
			);
			runOnlyForDeploymentPostprocessing = 0;
		};
		2E027FAD27E8269A00521378 /* Sources */ = {
			isa = PBXSourcesBuildPhase;
			buildActionMask = 2147483647;
			files = (
				2E027FB827E8269A00521378 /* Tests_macOSLaunchTests.swift in Sources */,
				2E027FB627E8269A00521378 /* Tests_macOS.swift in Sources */,
			);
			runOnlyForDeploymentPostprocessing = 0;
		};
/* End PBXSourcesBuildPhase section */

/* Begin PBXTargetDependency section */
		2E027FA727E8269A00521378 /* PBXTargetDependency */ = {
			isa = PBXTargetDependency;
			target = 2E027F9727E8269A00521378 /* Tuna (iOS) */;
			targetProxy = 2E027FA627E8269A00521378 /* PBXContainerItemProxy */;
		};
		2E027FB327E8269A00521378 /* PBXTargetDependency */ = {
			isa = PBXTargetDependency;
			target = 2E027F9D27E8269A00521378 /* Tuna (macOS) */;
			targetProxy = 2E027FB227E8269A00521378 /* PBXContainerItemProxy */;
		};
/* End PBXTargetDependency section */

/* Begin XCBuildConfiguration section */
		2E027FC327E8269A00521378 /* Debug */ = {
			isa = XCBuildConfiguration;
			buildSettings = {
				ALWAYS_SEARCH_USER_PATHS = NO;
				CLANG_ANALYZER_NONNULL = YES;
				CLANG_ANALYZER_NUMBER_OBJECT_CONVERSION = YES_AGGRESSIVE;
				CLANG_CXX_LANGUAGE_STANDARD = "gnu++17";
				CLANG_ENABLE_MODULES = YES;
				CLANG_ENABLE_OBJC_ARC = YES;
				CLANG_ENABLE_OBJC_WEAK = YES;
				CLANG_WARN_BLOCK_CAPTURE_AUTORELEASING = YES;
				CLANG_WARN_BOOL_CONVERSION = YES;
				CLANG_WARN_COMMA = YES;
				CLANG_WARN_CONSTANT_CONVERSION = YES;
				CLANG_WARN_DEPRECATED_OBJC_IMPLEMENTATIONS = YES;
				CLANG_WARN_DIRECT_OBJC_ISA_USAGE = YES_ERROR;
				CLANG_WARN_DOCUMENTATION_COMMENTS = YES;
				CLANG_WARN_EMPTY_BODY = YES;
				CLANG_WARN_ENUM_CONVERSION = YES;
				CLANG_WARN_INFINITE_RECURSION = YES;
				CLANG_WARN_INT_CONVERSION = YES;
				CLANG_WARN_NON_LITERAL_NULL_CONVERSION = YES;
				CLANG_WARN_OBJC_IMPLICIT_RETAIN_SELF = YES;
				CLANG_WARN_OBJC_LITERAL_CONVERSION = YES;
				CLANG_WARN_OBJC_ROOT_CLASS = YES_ERROR;
				CLANG_WARN_QUOTED_INCLUDE_IN_FRAMEWORK_HEADER = YES;
				CLANG_WARN_RANGE_LOOP_ANALYSIS = YES;
				CLANG_WARN_STRICT_PROTOTYPES = YES;
				CLANG_WARN_SUSPICIOUS_MOVE = YES;
				CLANG_WARN_UNGUARDED_AVAILABILITY = YES_AGGRESSIVE;
				CLANG_WARN_UNREACHABLE_CODE = YES;
				CLANG_WARN__DUPLICATE_METHOD_MATCH = YES;
				COPY_PHASE_STRIP = NO;
				DEBUG_INFORMATION_FORMAT = dwarf;
				ENABLE_STRICT_OBJC_MSGSEND = YES;
				ENABLE_TESTABILITY = YES;
				GCC_C_LANGUAGE_STANDARD = gnu11;
				GCC_DYNAMIC_NO_PIC = NO;
				GCC_NO_COMMON_BLOCKS = YES;
				GCC_OPTIMIZATION_LEVEL = 0;
				GCC_PREPROCESSOR_DEFINITIONS = (
					"DEBUG=1",
					"$(inherited)",
				);
				GCC_WARN_64_TO_32_BIT_CONVERSION = YES;
				GCC_WARN_ABOUT_RETURN_TYPE = YES_ERROR;
				GCC_WARN_UNDECLARED_SELECTOR = YES;
				GCC_WARN_UNINITIALIZED_AUTOS = YES_AGGRESSIVE;
				GCC_WARN_UNUSED_FUNCTION = YES;
				GCC_WARN_UNUSED_VARIABLE = YES;
				IPHONEOS_DEPLOYMENT_TARGET = 15.4;
				MACOSX_DEPLOYMENT_TARGET = 12.3;
				MTL_ENABLE_DEBUG_INFO = INCLUDE_SOURCE;
				MTL_FAST_MATH = YES;
				ONLY_ACTIVE_ARCH = YES;
				SWIFT_ACTIVE_COMPILATION_CONDITIONS = DEBUG;
				SWIFT_OPTIMIZATION_LEVEL = "-Onone";
				SWIFT_VERSION = 5.0;
			};
			name = Debug;
		};
		2E027FC427E8269A00521378 /* Release */ = {
			isa = XCBuildConfiguration;
			buildSettings = {
				ALWAYS_SEARCH_USER_PATHS = NO;
				CLANG_ANALYZER_NONNULL = YES;
				CLANG_ANALYZER_NUMBER_OBJECT_CONVERSION = YES_AGGRESSIVE;
				CLANG_CXX_LANGUAGE_STANDARD = "gnu++17";
				CLANG_ENABLE_MODULES = YES;
				CLANG_ENABLE_OBJC_ARC = YES;
				CLANG_ENABLE_OBJC_WEAK = YES;
				CLANG_WARN_BLOCK_CAPTURE_AUTORELEASING = YES;
				CLANG_WARN_BOOL_CONVERSION = YES;
				CLANG_WARN_COMMA = YES;
				CLANG_WARN_CONSTANT_CONVERSION = YES;
				CLANG_WARN_DEPRECATED_OBJC_IMPLEMENTATIONS = YES;
				CLANG_WARN_DIRECT_OBJC_ISA_USAGE = YES_ERROR;
				CLANG_WARN_DOCUMENTATION_COMMENTS = YES;
				CLANG_WARN_EMPTY_BODY = YES;
				CLANG_WARN_ENUM_CONVERSION = YES;
				CLANG_WARN_INFINITE_RECURSION = YES;
				CLANG_WARN_INT_CONVERSION = YES;
				CLANG_WARN_NON_LITERAL_NULL_CONVERSION = YES;
				CLANG_WARN_OBJC_IMPLICIT_RETAIN_SELF = YES;
				CLANG_WARN_OBJC_LITERAL_CONVERSION = YES;
				CLANG_WARN_OBJC_ROOT_CLASS = YES_ERROR;
				CLANG_WARN_QUOTED_INCLUDE_IN_FRAMEWORK_HEADER = YES;
				CLANG_WARN_RANGE_LOOP_ANALYSIS = YES;
				CLANG_WARN_STRICT_PROTOTYPES = YES;
				CLANG_WARN_SUSPICIOUS_MOVE = YES;
				CLANG_WARN_UNGUARDED_AVAILABILITY = YES_AGGRESSIVE;
				CLANG_WARN_UNREACHABLE_CODE = YES;
				CLANG_WARN__DUPLICATE_METHOD_MATCH = YES;
				COPY_PHASE_STRIP = NO;
				DEBUG_INFORMATION_FORMAT = "dwarf-with-dsym";
				ENABLE_NS_ASSERTIONS = NO;
				ENABLE_STRICT_OBJC_MSGSEND = YES;
				GCC_C_LANGUAGE_STANDARD = gnu11;
				GCC_NO_COMMON_BLOCKS = YES;
				GCC_WARN_64_TO_32_BIT_CONVERSION = YES;
				GCC_WARN_ABOUT_RETURN_TYPE = YES_ERROR;
				GCC_WARN_UNDECLARED_SELECTOR = YES;
				GCC_WARN_UNINITIALIZED_AUTOS = YES_AGGRESSIVE;
				GCC_WARN_UNUSED_FUNCTION = YES;
				GCC_WARN_UNUSED_VARIABLE = YES;
				IPHONEOS_DEPLOYMENT_TARGET = 15.4;
				MACOSX_DEPLOYMENT_TARGET = 12.3;
				MTL_ENABLE_DEBUG_INFO = NO;
				MTL_FAST_MATH = YES;
				SWIFT_COMPILATION_MODE = wholemodule;
				SWIFT_OPTIMIZATION_LEVEL = "-O";
				SWIFT_VERSION = 5.0;
			};
			name = Release;
		};
		2E027FC627E8269A00521378 /* Debug */ = {
			isa = XCBuildConfiguration;
			buildSettings = {
				ASSETCATALOG_COMPILER_APPICON_NAME = AppIcon;
				ASSETCATALOG_COMPILER_GLOBAL_ACCENT_COLOR_NAME = AccentColor;
				CODE_SIGN_STYLE = Automatic;
				CURRENT_PROJECT_VERSION = 1;
				DEVELOPMENT_TEAM = PU5HXZ4FZ2;
				ENABLE_PREVIEWS = YES;
				GENERATE_INFOPLIST_FILE = YES;
				INFOPLIST_FILE = "Tuna--iOS--Info.plist";
				INFOPLIST_KEY_UIApplicationSceneManifest_Generation = YES;
				INFOPLIST_KEY_UIApplicationSupportsIndirectInputEvents = YES;
				INFOPLIST_KEY_UILaunchScreen_Generation = YES;
				INFOPLIST_KEY_UISupportedInterfaceOrientations_iPad = "UIInterfaceOrientationPortrait UIInterfaceOrientationPortraitUpsideDown UIInterfaceOrientationLandscapeLeft UIInterfaceOrientationLandscapeRight";
				INFOPLIST_KEY_UISupportedInterfaceOrientations_iPhone = "UIInterfaceOrientationPortrait UIInterfaceOrientationLandscapeLeft UIInterfaceOrientationLandscapeRight";
				IPHONEOS_DEPLOYMENT_TARGET = 15.4;
				LD_RUNPATH_SEARCH_PATHS = (
					"$(inherited)",
					"@executable_path/Frameworks",
				);
				MARKETING_VERSION = 1.0;
				PRODUCT_BUNDLE_IDENTIFIER = con.zunda.Tuna;
				PRODUCT_NAME = Tuna;
				SDKROOT = iphoneos;
				SWIFT_EMIT_LOC_STRINGS = YES;
				SWIFT_VERSION = 5.0;
				TARGETED_DEVICE_FAMILY = "1,2";
			};
			name = Debug;
		};
		2E027FC727E8269A00521378 /* Release */ = {
			isa = XCBuildConfiguration;
			buildSettings = {
				ASSETCATALOG_COMPILER_APPICON_NAME = AppIcon;
				ASSETCATALOG_COMPILER_GLOBAL_ACCENT_COLOR_NAME = AccentColor;
				CODE_SIGN_STYLE = Automatic;
				CURRENT_PROJECT_VERSION = 1;
				DEVELOPMENT_TEAM = PU5HXZ4FZ2;
				ENABLE_PREVIEWS = YES;
				GENERATE_INFOPLIST_FILE = YES;
				INFOPLIST_FILE = "Tuna--iOS--Info.plist";
				INFOPLIST_KEY_UIApplicationSceneManifest_Generation = YES;
				INFOPLIST_KEY_UIApplicationSupportsIndirectInputEvents = YES;
				INFOPLIST_KEY_UILaunchScreen_Generation = YES;
				INFOPLIST_KEY_UISupportedInterfaceOrientations_iPad = "UIInterfaceOrientationPortrait UIInterfaceOrientationPortraitUpsideDown UIInterfaceOrientationLandscapeLeft UIInterfaceOrientationLandscapeRight";
				INFOPLIST_KEY_UISupportedInterfaceOrientations_iPhone = "UIInterfaceOrientationPortrait UIInterfaceOrientationLandscapeLeft UIInterfaceOrientationLandscapeRight";
				IPHONEOS_DEPLOYMENT_TARGET = 15.4;
				LD_RUNPATH_SEARCH_PATHS = (
					"$(inherited)",
					"@executable_path/Frameworks",
				);
				MARKETING_VERSION = 1.0;
				PRODUCT_BUNDLE_IDENTIFIER = con.zunda.Tuna;
				PRODUCT_NAME = Tuna;
				SDKROOT = iphoneos;
				SWIFT_EMIT_LOC_STRINGS = YES;
				SWIFT_VERSION = 5.0;
				TARGETED_DEVICE_FAMILY = "1,2";
				VALIDATE_PRODUCT = YES;
			};
			name = Release;
		};
		2E027FC927E8269A00521378 /* Debug */ = {
			isa = XCBuildConfiguration;
			buildSettings = {
				ASSETCATALOG_COMPILER_APPICON_NAME = AppIcon;
				ASSETCATALOG_COMPILER_GLOBAL_ACCENT_COLOR_NAME = AccentColor;
				CODE_SIGN_ENTITLEMENTS = macOS/macOS.entitlements;
				CODE_SIGN_IDENTITY = "-";
				CODE_SIGN_STYLE = Automatic;
				COMBINE_HIDPI_IMAGES = YES;
				CURRENT_PROJECT_VERSION = 1;
				DEVELOPMENT_TEAM = PU5HXZ4FZ2;
				ENABLE_HARDENED_RUNTIME = YES;
				ENABLE_PREVIEWS = YES;
				GENERATE_INFOPLIST_FILE = YES;
				INFOPLIST_FILE = "Tuna--macOS--Info.plist";
				INFOPLIST_KEY_NSHumanReadableCopyright = "";
				LD_RUNPATH_SEARCH_PATHS = (
					"$(inherited)",
					"@executable_path/../Frameworks",
				);
				MACOSX_DEPLOYMENT_TARGET = 12.3;
				MARKETING_VERSION = 1.0;
				PRODUCT_BUNDLE_IDENTIFIER = con.zunda.Tuna;
				PRODUCT_NAME = Tuna;
				SDKROOT = macosx;
				SWIFT_EMIT_LOC_STRINGS = YES;
				SWIFT_VERSION = 5.0;
			};
			name = Debug;
		};
		2E027FCA27E8269A00521378 /* Release */ = {
			isa = XCBuildConfiguration;
			buildSettings = {
				ASSETCATALOG_COMPILER_APPICON_NAME = AppIcon;
				ASSETCATALOG_COMPILER_GLOBAL_ACCENT_COLOR_NAME = AccentColor;
				CODE_SIGN_ENTITLEMENTS = macOS/macOS.entitlements;
				CODE_SIGN_IDENTITY = "-";
				CODE_SIGN_STYLE = Automatic;
				COMBINE_HIDPI_IMAGES = YES;
				CURRENT_PROJECT_VERSION = 1;
				DEVELOPMENT_TEAM = PU5HXZ4FZ2;
				ENABLE_HARDENED_RUNTIME = YES;
				ENABLE_PREVIEWS = YES;
				GENERATE_INFOPLIST_FILE = YES;
				INFOPLIST_FILE = "Tuna--macOS--Info.plist";
				INFOPLIST_KEY_NSHumanReadableCopyright = "";
				LD_RUNPATH_SEARCH_PATHS = (
					"$(inherited)",
					"@executable_path/../Frameworks",
				);
				MACOSX_DEPLOYMENT_TARGET = 12.3;
				MARKETING_VERSION = 1.0;
				PRODUCT_BUNDLE_IDENTIFIER = con.zunda.Tuna;
				PRODUCT_NAME = Tuna;
				SDKROOT = macosx;
				SWIFT_EMIT_LOC_STRINGS = YES;
				SWIFT_VERSION = 5.0;
			};
			name = Release;
		};
		2E027FCC27E8269A00521378 /* Debug */ = {
			isa = XCBuildConfiguration;
			buildSettings = {
				ALWAYS_EMBED_SWIFT_STANDARD_LIBRARIES = YES;
				CODE_SIGN_STYLE = Automatic;
				CURRENT_PROJECT_VERSION = 1;
				DEVELOPMENT_TEAM = PU5HXZ4FZ2;
				GENERATE_INFOPLIST_FILE = YES;
				IPHONEOS_DEPLOYMENT_TARGET = 15.4;
				MARKETING_VERSION = 1.0;
				PRODUCT_BUNDLE_IDENTIFIER = "con.zunda.Tests-iOS";
				PRODUCT_NAME = "$(TARGET_NAME)";
				SDKROOT = iphoneos;
				SWIFT_EMIT_LOC_STRINGS = NO;
				SWIFT_VERSION = 5.0;
				TARGETED_DEVICE_FAMILY = "1,2";
				TEST_TARGET_NAME = "Tuna (iOS)";
			};
			name = Debug;
		};
		2E027FCD27E8269A00521378 /* Release */ = {
			isa = XCBuildConfiguration;
			buildSettings = {
				ALWAYS_EMBED_SWIFT_STANDARD_LIBRARIES = YES;
				CODE_SIGN_STYLE = Automatic;
				CURRENT_PROJECT_VERSION = 1;
				DEVELOPMENT_TEAM = PU5HXZ4FZ2;
				GENERATE_INFOPLIST_FILE = YES;
				IPHONEOS_DEPLOYMENT_TARGET = 15.4;
				MARKETING_VERSION = 1.0;
				PRODUCT_BUNDLE_IDENTIFIER = "con.zunda.Tests-iOS";
				PRODUCT_NAME = "$(TARGET_NAME)";
				SDKROOT = iphoneos;
				SWIFT_EMIT_LOC_STRINGS = NO;
				SWIFT_VERSION = 5.0;
				TARGETED_DEVICE_FAMILY = "1,2";
				TEST_TARGET_NAME = "Tuna (iOS)";
				VALIDATE_PRODUCT = YES;
			};
			name = Release;
		};
		2E027FCF27E8269A00521378 /* Debug */ = {
			isa = XCBuildConfiguration;
			buildSettings = {
				ALWAYS_EMBED_SWIFT_STANDARD_LIBRARIES = YES;
				CODE_SIGN_STYLE = Automatic;
				CURRENT_PROJECT_VERSION = 1;
				DEVELOPMENT_TEAM = PU5HXZ4FZ2;
				GENERATE_INFOPLIST_FILE = YES;
				MACOSX_DEPLOYMENT_TARGET = 12.3;
				MARKETING_VERSION = 1.0;
				PRODUCT_BUNDLE_IDENTIFIER = "con.zunda.Tests-macOS";
				PRODUCT_NAME = "$(TARGET_NAME)";
				SDKROOT = macosx;
				SWIFT_EMIT_LOC_STRINGS = NO;
				SWIFT_VERSION = 5.0;
				TEST_TARGET_NAME = "Tuna (macOS)";
			};
			name = Debug;
		};
		2E027FD027E8269A00521378 /* Release */ = {
			isa = XCBuildConfiguration;
			buildSettings = {
				ALWAYS_EMBED_SWIFT_STANDARD_LIBRARIES = YES;
				CODE_SIGN_STYLE = Automatic;
				CURRENT_PROJECT_VERSION = 1;
				DEVELOPMENT_TEAM = PU5HXZ4FZ2;
				GENERATE_INFOPLIST_FILE = YES;
				MACOSX_DEPLOYMENT_TARGET = 12.3;
				MARKETING_VERSION = 1.0;
				PRODUCT_BUNDLE_IDENTIFIER = "con.zunda.Tests-macOS";
				PRODUCT_NAME = "$(TARGET_NAME)";
				SDKROOT = macosx;
				SWIFT_EMIT_LOC_STRINGS = NO;
				SWIFT_VERSION = 5.0;
				TEST_TARGET_NAME = "Tuna (macOS)";
			};
			name = Release;
		};
/* End XCBuildConfiguration section */

/* Begin XCConfigurationList section */
		2E027F8C27E8269800521378 /* Build configuration list for PBXProject "Tuna" */ = {
			isa = XCConfigurationList;
			buildConfigurations = (
				2E027FC327E8269A00521378 /* Debug */,
				2E027FC427E8269A00521378 /* Release */,
			);
			defaultConfigurationIsVisible = 0;
			defaultConfigurationName = Release;
		};
		2E027FC527E8269A00521378 /* Build configuration list for PBXNativeTarget "Tuna (iOS)" */ = {
			isa = XCConfigurationList;
			buildConfigurations = (
				2E027FC627E8269A00521378 /* Debug */,
				2E027FC727E8269A00521378 /* Release */,
			);
			defaultConfigurationIsVisible = 0;
			defaultConfigurationName = Release;
		};
		2E027FC827E8269A00521378 /* Build configuration list for PBXNativeTarget "Tuna (macOS)" */ = {
			isa = XCConfigurationList;
			buildConfigurations = (
				2E027FC927E8269A00521378 /* Debug */,
				2E027FCA27E8269A00521378 /* Release */,
			);
			defaultConfigurationIsVisible = 0;
			defaultConfigurationName = Release;
		};
		2E027FCB27E8269A00521378 /* Build configuration list for PBXNativeTarget "Tests iOS" */ = {
			isa = XCConfigurationList;
			buildConfigurations = (
				2E027FCC27E8269A00521378 /* Debug */,
				2E027FCD27E8269A00521378 /* Release */,
			);
			defaultConfigurationIsVisible = 0;
			defaultConfigurationName = Release;
		};
		2E027FCE27E8269A00521378 /* Build configuration list for PBXNativeTarget "Tests macOS" */ = {
			isa = XCConfigurationList;
			buildConfigurations = (
				2E027FCF27E8269A00521378 /* Debug */,
				2E027FD027E8269A00521378 /* Release */,
			);
			defaultConfigurationIsVisible = 0;
			defaultConfigurationName = Release;
		};
/* End XCConfigurationList section */

/* Begin XCRemoteSwiftPackageReference section */
		2E5E4F6427EB593A009D6D53 /* XCRemoteSwiftPackageReference "Sweet" */ = {
			isa = XCRemoteSwiftPackageReference;
			repositoryURL = "https://github.com/zunda-pixel/Sweet";
			requirement = {
				kind = exactVersion;
				version = 1.9.2;
			};
		};
		2E5E4F6727EB59A9009D6D53 /* XCRemoteSwiftPackageReference "KeychainAccess" */ = {
			isa = XCRemoteSwiftPackageReference;
			repositoryURL = "https://github.com/kishikawakatsumi/KeychainAccess";
			requirement = {
				kind = exactVersion;
				version = 4.2.2;
			};
		};
		2E5E4F6A27EB59BB009D6D53 /* XCRemoteSwiftPackageReference "Kingfisher" */ = {
			isa = XCRemoteSwiftPackageReference;
			repositoryURL = "https://github.com/onevcat/Kingfisher";
			requirement = {
				kind = exactVersion;
				version = 7.2.0;
			};
		};
/* End XCRemoteSwiftPackageReference section */

/* Begin XCSwiftPackageProductDependency section */
		2E5E4F6527EB593A009D6D53 /* Sweet */ = {
			isa = XCSwiftPackageProductDependency;
			package = 2E5E4F6427EB593A009D6D53 /* XCRemoteSwiftPackageReference "Sweet" */;
			productName = Sweet;
		};
		2E5E4F6827EB59A9009D6D53 /* KeychainAccess */ = {
			isa = XCSwiftPackageProductDependency;
			package = 2E5E4F6727EB59A9009D6D53 /* XCRemoteSwiftPackageReference "KeychainAccess" */;
			productName = KeychainAccess;
		};
		2E5E4F6B27EB59BB009D6D53 /* Kingfisher */ = {
			isa = XCSwiftPackageProductDependency;
			package = 2E5E4F6A27EB59BB009D6D53 /* XCRemoteSwiftPackageReference "Kingfisher" */;
			productName = Kingfisher;
		};
/* End XCSwiftPackageProductDependency section */

/* Begin XCVersionGroup section */
		2E027F8E27E8269800521378 /* Tuna.xcdatamodeld */ = {
			isa = XCVersionGroup;
			children = (
				2E027F8F27E8269800521378 /* Shared.xcdatamodel */,
			);
			currentVersion = 2E027F8F27E8269800521378 /* Shared.xcdatamodel */;
			path = Tuna.xcdatamodeld;
			sourceTree = "<group>";
			versionGroupType = wrapper.xcdatamodel;
		};
/* End XCVersionGroup section */
	};
	rootObject = 2E027F8927E8269800521378 /* Project object */;
}
